
Microsoft Visual Studio Solution File, Format Version 12.00
# Visual Studio Version 16
Project("{8BC9CEB8-8B4A-11D0-8D11-00A0C91BC942}") = "ALL_BUILD", "ALL_BUILD.vcxproj", "{28F4CFD8-92B3-3E10-954C-45F7C9B7AFC5}"
	ProjectSection(ProjectDependencies) = postProject
		{AAD07D42-7BEF-364E-A642-1182DDF22A69} = {AAD07D42-7BEF-364E-A642-1182DDF22A69}
		{4C99A5C9-D194-3BE3-AD8E-916C3EFA0D96} = {4C99A5C9-D194-3BE3-AD8E-916C3EFA0D96}
		{EC0721B2-0873-36F0-8086-CEF6DED12F6C} = {EC0721B2-0873-36F0-8086-CEF6DED12F6C}
		{44B9D998-A9A1-3B86-B173-2DF5FD5244B8} = {44B9D998-A9A1-3B86-B173-2DF5FD5244B8}
		{A2ABBA4C-908D-3A39-91DC-39553E125E6B} = {A2ABBA4C-908D-3A39-91DC-39553E125E6B}
		{30DB8A12-A4EB-38C0-987D-3722E6954165} = {30DB8A12-A4EB-38C0-987D-3722E6954165}
		{F1EFCDEF-B4E2-3122-A9E2-74B8D2AC39C2} = {F1EFCDEF-B4E2-3122-A9E2-74B8D2AC39C2}
		{D4DD79F7-3795-3C09-96CC-4EF6BE23C9A2} = {D4DD79F7-3795-3C09-96CC-4EF6BE23C9A2}
		{9720D2A1-2AE0-392B-9B51-FCD58DD0AFF5} = {9720D2A1-2AE0-392B-9B51-FCD58DD0AFF5}
		{8F45ABB3-0E28-3FD8-8346-24FF4D91DE1F} = {8F45ABB3-0E28-3FD8-8346-24FF4D91DE1F}
		{18DCBFF9-9DEE-3B28-9CA5-C58D4BB256CA} = {18DCBFF9-9DEE-3B28-9CA5-C58D4BB256CA}
		{20D5FC1E-F704-30E7-AB9D-EE669583F7FB} = {20D5FC1E-F704-30E7-AB9D-EE669583F7FB}
		{154A3496-8A1B-37AA-8392-638FAE925B76} = {154A3496-8A1B-37AA-8392-638FAE925B76}
		{161074A3-FB97-3519-9566-80CF0EA9153B} = {161074A3-FB97-3519-9566-80CF0EA9153B}
		{052B287E-A260-3D5B-9CE3-1E91BA8CAA32} = {052B287E-A260-3D5B-9CE3-1E91BA8CAA32}
		{94354331-8585-3C2A-9A64-4AB7B18C9378} = {94354331-8585-3C2A-9A64-4AB7B18C9378}
		{EE2711A3-B50D-3A4F-9B58-66AB258A7D74} = {EE2711A3-B50D-3A4F-9B58-66AB258A7D74}
		{21107738-AAFB-3BEE-BCF6-B28AFE517751} = {21107738-AAFB-3BEE-BCF6-B28AFE517751}
		{D2A59F07-23D0-30D6-A686-C1BFC0635131} = {D2A59F07-23D0-30D6-A686-C1BFC0635131}
		{29A2BFD7-11F7-30D5-8FA7-7ACF8301F50C} = {29A2BFD7-11F7-30D5-8FA7-7ACF8301F50C}
		{1B129AF9-DCA1-3D1F-8CAA-D49B3F414C38} = {1B129AF9-DCA1-3D1F-8CAA-D49B3F414C38}
		{2A3618F3-7895-397A-A9D5-D9668D6ECAAB} = {2A3618F3-7895-397A-A9D5-D9668D6ECAAB}
		{C0F48D0F-13D4-3D96-827F-27053D4323FA} = {C0F48D0F-13D4-3D96-827F-27053D4323FA}
		{B43C9B9F-6211-34FF-9246-D762C7FF147C} = {B43C9B9F-6211-34FF-9246-D762C7FF147C}
		{C3950857-FDA7-35DF-9D1F-6850EF7CC87E} = {C3950857-FDA7-35DF-9D1F-6850EF7CC87E}
		{8FC0C8E2-5757-3F1C-8C88-7FD87F52D765} = {8FC0C8E2-5757-3F1C-8C88-7FD87F52D765}
		{C3B1AD05-5C60-37DD-8AB2-D88786E46ABD} = {C3B1AD05-5C60-37DD-8AB2-D88786E46ABD}
		{6E88AA4C-A04B-3C90-BCD1-0DB26C0346F5} = {6E88AA4C-A04B-3C90-BCD1-0DB26C0346F5}
		{B20DA179-B207-3C04-ADF4-796BA0FB9FA8} = {B20DA179-B207-3C04-ADF4-796BA0FB9FA8}
		{6732C3EC-EF7F-3363-ADE9-C55BDA68E1E9} = {6732C3EC-EF7F-3363-ADE9-C55BDA68E1E9}
		{18D288B5-C873-3A6F-AF1B-1AC3503F56C0} = {18D288B5-C873-3A6F-AF1B-1AC3503F56C0}
		{00332855-2230-3C22-8327-66A2DEAFA51B} = {00332855-2230-3C22-8327-66A2DEAFA51B}
		{F99B2C50-2044-302D-BEA7-95192CA17B97} = {F99B2C50-2044-302D-BEA7-95192CA17B97}
		{26BBB215-B6BE-364D-8A21-5B637FC03D80} = {26BBB215-B6BE-364D-8A21-5B637FC03D80}
		{B73ACD3D-A669-34A3-BAB6-2D07EBE7FA59} = {B73ACD3D-A669-34A3-BAB6-2D07EBE7FA59}
		{5B91FCC9-2622-3D9D-90BA-07AADB3DD1CD} = {5B91FCC9-2622-3D9D-90BA-07AADB3DD1CD}
		{E0EA6B5B-1DA0-3A6C-B117-D5257A5DAD67} = {E0EA6B5B-1DA0-3A6C-B117-D5257A5DAD67}
		{8DE54261-797E-3D85-BC6E-5EC05DAD2E6A} = {8DE54261-797E-3D85-BC6E-5EC05DAD2E6A}
		{44957ACC-FEF3-3060-A07D-9263A5AE8891} = {44957ACC-FEF3-3060-A07D-9263A5AE8891}
		{1A27B471-5870-3788-BEDB-9C60926ACEDA} = {1A27B471-5870-3788-BEDB-9C60926ACEDA}
	EndProjectSection
EndProject
Project("{8BC9CEB8-8B4A-11D0-8D11-00A0C91BC942}") = "ZERO_CHECK", "..\\ZERO_CHECK.vcxproj", "{AAD07D42-7BEF-364E-A642-1182DDF22A69}"
	ProjectSection(ProjectDependencies) = postProject
	EndProjectSection
EndProject
Project("{8BC9CEB8-8B4A-11D0-8D11-00A0C91BC942}") = "adaptive_thresholding_cpu", "adaptive_thresholding_cpu.vcxproj", "{4C99A5C9-D194-3BE3-AD8E-916C3EFA0D96}"
	ProjectSection(ProjectDependencies) = postProject
		{AAD07D42-7BEF-364E-A642-1182DDF22A69} = {AAD07D42-7BEF-364E-A642-1182DDF22A69}
	EndProjectSection
EndProject
Project("{8BC9CEB8-8B4A-11D0-8D11-00A0C91BC942}") = "adaptive_thresholding_cuda", "adaptive_thresholding_cuda.vcxproj", "{EC0721B2-0873-36F0-8086-CEF6DED12F6C}"
	ProjectSection(ProjectDependencies) = postProject
		{AAD07D42-7BEF-364E-A642-1182DDF22A69} = {AAD07D42-7BEF-364E-A642-1182DDF22A69}
	EndProjectSection
EndProject
Project("{8BC9CEB8-8B4A-11D0-8D11-00A0C91BC942}") = "adaptive_thresholding_opencl", "adaptive_thresholding_opencl.vcxproj", "{44B9D998-A9A1-3B86-B173-2DF5FD5244B8}"
	ProjectSection(ProjectDependencies) = postProject
		{AAD07D42-7BEF-364E-A642-1182DDF22A69} = {AAD07D42-7BEF-364E-A642-1182DDF22A69}
	EndProjectSection
EndProject
Project("{8BC9CEB8-8B4A-11D0-8D11-00A0C91BC942}") = "binary_thresholding_cpu", "binary_thresholding_cpu.vcxproj", "{A2ABBA4C-908D-3A39-91DC-39553E125E6B}"
	ProjectSection(ProjectDependencies) = postProject
		{AAD07D42-7BEF-364E-A642-1182DDF22A69} = {AAD07D42-7BEF-364E-A642-1182DDF22A69}
	EndProjectSection
EndProject
Project("{8BC9CEB8-8B4A-11D0-8D11-00A0C91BC942}") = "binary_thresholding_cuda", "binary_thresholding_cuda.vcxproj", "{30DB8A12-A4EB-38C0-987D-3722E6954165}"
	ProjectSection(ProjectDependencies) = postProject
		{AAD07D42-7BEF-364E-A642-1182DDF22A69} = {AAD07D42-7BEF-364E-A642-1182DDF22A69}
	EndProjectSection
EndProject
Project("{8BC9CEB8-8B4A-11D0-8D11-00A0C91BC942}") = "binary_thresholding_opencl", "binary_thresholding_opencl.vcxproj", "{F1EFCDEF-B4E2-3122-A9E2-74B8D2AC39C2}"
	ProjectSection(ProjectDependencies) = postProject
		{AAD07D42-7BEF-364E-A642-1182DDF22A69} = {AAD07D42-7BEF-364E-A642-1182DDF22A69}
	EndProjectSection
EndProject
Project("{8BC9CEB8-8B4A-11D0-8D11-00A0C91BC942}") = "brain_segmentation_cpu", "brain_segmentation_cpu.vcxproj", "{D4DD79F7-3795-3C09-96CC-4EF6BE23C9A2}"
	ProjectSection(ProjectDependencies) = postProject
		{AAD07D42-7BEF-364E-A642-1182DDF22A69} = {AAD07D42-7BEF-364E-A642-1182DDF22A69}
	EndProjectSection
EndProject
Project("{8BC9CEB8-8B4A-11D0-8D11-00A0C91BC942}") = "brain_segmentation_cuda", "brain_segmentation_cuda.vcxproj", "{9720D2A1-2AE0-392B-9B51-FCD58DD0AFF5}"
	ProjectSection(ProjectDependencies) = postProject
		{AAD07D42-7BEF-364E-A642-1182DDF22A69} = {AAD07D42-7BEF-364E-A642-1182DDF22A69}
	EndProjectSection
EndProject
Project("{8BC9CEB8-8B4A-11D0-8D11-00A0C91BC942}") = "brain_segmentation_opencl", "brain_segmentation_opencl.vcxproj", "{8F45ABB3-0E28-3FD8-8346-24FF4D91DE1F}"
	ProjectSection(ProjectDependencies) = postProject
		{AAD07D42-7BEF-364E-A642-1182DDF22A69} = {AAD07D42-7BEF-364E-A642-1182DDF22A69}
	EndProjectSection
EndProject
Project("{8BC9CEB8-8B4A-11D0-8D11-00A0C91BC942}") = "confidence_connected_components_cpu", "confidence_connected_components_cpu.vcxproj", "{18DCBFF9-9DEE-3B28-9CA5-C58D4BB256CA}"
	ProjectSection(ProjectDependencies) = postProject
		{AAD07D42-7BEF-364E-A642-1182DDF22A69} = {AAD07D42-7BEF-364E-A642-1182DDF22A69}
	EndProjectSection
EndProject
Project("{8BC9CEB8-8B4A-11D0-8D11-00A0C91BC942}") = "confidence_connected_components_cuda", "confidence_connected_components_cuda.vcxproj", "{20D5FC1E-F704-30E7-AB9D-EE669583F7FB}"
	ProjectSection(ProjectDependencies) = postProject
		{AAD07D42-7BEF-364E-A642-1182DDF22A69} = {AAD07D42-7BEF-364E-A642-1182DDF22A69}
	EndProjectSection
EndProject
Project("{8BC9CEB8-8B4A-11D0-8D11-00A0C91BC942}") = "confidence_connected_components_opencl", "confidence_connected_components_opencl.vcxproj", "{154A3496-8A1B-37AA-8392-638FAE925B76}"
	ProjectSection(ProjectDependencies) = postProject
		{AAD07D42-7BEF-364E-A642-1182DDF22A69} = {AAD07D42-7BEF-364E-A642-1182DDF22A69}
	EndProjectSection
EndProject
Project("{8BC9CEB8-8B4A-11D0-8D11-00A0C91BC942}") = "deconvolution_cpu", "deconvolution_cpu.vcxproj", "{161074A3-FB97-3519-9566-80CF0EA9153B}"
	ProjectSection(ProjectDependencies) = postProject
		{AAD07D42-7BEF-364E-A642-1182DDF22A69} = {AAD07D42-7BEF-364E-A642-1182DDF22A69}
	EndProjectSection
EndProject
Project("{8BC9CEB8-8B4A-11D0-8D11-00A0C91BC942}") = "deconvolution_cuda", "deconvolution_cuda.vcxproj", "{052B287E-A260-3D5B-9CE3-1E91BA8CAA32}"
	ProjectSection(ProjectDependencies) = postProject
		{AAD07D42-7BEF-364E-A642-1182DDF22A69} = {AAD07D42-7BEF-364E-A642-1182DDF22A69}
	EndProjectSection
EndProject
Project("{8BC9CEB8-8B4A-11D0-8D11-00A0C91BC942}") = "deconvolution_opencl", "deconvolution_opencl.vcxproj", "{94354331-8585-3C2A-9A64-4AB7B18C9378}"
	ProjectSection(ProjectDependencies) = postProject
		{AAD07D42-7BEF-364E-A642-1182DDF22A69} = {AAD07D42-7BEF-364E-A642-1182DDF22A69}
	EndProjectSection
EndProject
Project("{8BC9CEB8-8B4A-11D0-8D11-00A0C91BC942}") = "edge_cpu", "edge_cpu.vcxproj", "{EE2711A3-B50D-3A4F-9B58-66AB258A7D74}"
	ProjectSection(ProjectDependencies) = postProject
		{AAD07D42-7BEF-364E-A642-1182DDF22A69} = {AAD07D42-7BEF-364E-A642-1182DDF22A69}
	EndProjectSection
EndProject
Project("{8BC9CEB8-8B4A-11D0-8D11-00A0C91BC942}") = "edge_cuda", "edge_cuda.vcxproj", "{21107738-AAFB-3BEE-BCF6-B28AFE517751}"
	ProjectSection(ProjectDependencies) = postProject
		{AAD07D42-7BEF-364E-A642-1182DDF22A69} = {AAD07D42-7BEF-364E-A642-1182DDF22A69}
	EndProjectSection
EndProject
Project("{8BC9CEB8-8B4A-11D0-8D11-00A0C91BC942}") = "edge_opencl", "edge_opencl.vcxproj", "{D2A59F07-23D0-30D6-A686-C1BFC0635131}"
	ProjectSection(ProjectDependencies) = postProject
		{AAD07D42-7BEF-364E-A642-1182DDF22A69} = {AAD07D42-7BEF-364E-A642-1182DDF22A69}
	EndProjectSection
EndProject
Project("{8BC9CEB8-8B4A-11D0-8D11-00A0C91BC942}") = "filters_cpu", "filters_cpu.vcxproj", "{29A2BFD7-11F7-30D5-8FA7-7ACF8301F50C}"
	ProjectSection(ProjectDependencies) = postProject
		{AAD07D42-7BEF-364E-A642-1182DDF22A69} = {AAD07D42-7BEF-364E-A642-1182DDF22A69}
	EndProjectSection
EndProject
Project("{8BC9CEB8-8B4A-11D0-8D11-00A0C91BC942}") = "filters_cuda", "filters_cuda.vcxproj", "{1B129AF9-DCA1-3D1F-8CAA-D49B3F414C38}"
	ProjectSection(ProjectDependencies) = postProject
		{AAD07D42-7BEF-364E-A642-1182DDF22A69} = {AAD07D42-7BEF-364E-A642-1182DDF22A69}
	EndProjectSection
EndProject
Project("{8BC9CEB8-8B4A-11D0-8D11-00A0C91BC942}") = "filters_opencl", "filters_opencl.vcxproj", "{2A3618F3-7895-397A-A9D5-D9668D6ECAAB}"
	ProjectSection(ProjectDependencies) = postProject
		{AAD07D42-7BEF-364E-A642-1182DDF22A69} = {AAD07D42-7BEF-364E-A642-1182DDF22A69}
	EndProjectSection
EndProject
Project("{8BC9CEB8-8B4A-11D0-8D11-00A0C91BC942}") = "gradient_diffusion_cpu", "gradient_diffusion_cpu.vcxproj", "{C0F48D0F-13D4-3D96-827F-27053D4323FA}"
	ProjectSection(ProjectDependencies) = postProject
		{AAD07D42-7BEF-364E-A642-1182DDF22A69} = {AAD07D42-7BEF-364E-A642-1182DDF22A69}
	EndProjectSection
EndProject
Project("{8BC9CEB8-8B4A-11D0-8D11-00A0C91BC942}") = "gradient_diffusion_cuda", "gradient_diffusion_cuda.vcxproj", "{B43C9B9F-6211-34FF-9246-D762C7FF147C}"
	ProjectSection(ProjectDependencies) = postProject
		{AAD07D42-7BEF-364E-A642-1182DDF22A69} = {AAD07D42-7BEF-364E-A642-1182DDF22A69}
	EndProjectSection
EndProject
Project("{8BC9CEB8-8B4A-11D0-8D11-00A0C91BC942}") = "gradient_diffusion_opencl", "gradient_diffusion_opencl.vcxproj", "{C3950857-FDA7-35DF-9D1F-6850EF7CC87E}"
	ProjectSection(ProjectDependencies) = postProject
		{AAD07D42-7BEF-364E-A642-1182DDF22A69} = {AAD07D42-7BEF-364E-A642-1182DDF22A69}
	EndProjectSection
EndProject
Project("{8BC9CEB8-8B4A-11D0-8D11-00A0C91BC942}") = "image_demo_cpu", "image_demo_cpu.vcxproj", "{8FC0C8E2-5757-3F1C-8C88-7FD87F52D765}"
	ProjectSection(ProjectDependencies) = postProject
		{AAD07D42-7BEF-364E-A642-1182DDF22A69} = {AAD07D42-7BEF-364E-A642-1182DDF22A69}
	EndProjectSection
EndProject
Project("{8BC9CEB8-8B4A-11D0-8D11-00A0C91BC942}") = "image_demo_cuda", "image_demo_cuda.vcxproj", "{C3B1AD05-5C60-37DD-8AB2-D88786E46ABD}"
	ProjectSection(ProjectDependencies) = postProject
		{AAD07D42-7BEF-364E-A642-1182DDF22A69} = {AAD07D42-7BEF-364E-A642-1182DDF22A69}
	EndProjectSection
EndProject
Project("{8BC9CEB8-8B4A-11D0-8D11-00A0C91BC942}") = "image_demo_opencl", "image_demo_opencl.vcxproj", "{6E88AA4C-A04B-3C90-BCD1-0DB26C0346F5}"
	ProjectSection(ProjectDependencies) = postProject
		{AAD07D42-7BEF-364E-A642-1182DDF22A69} = {AAD07D42-7BEF-364E-A642-1182DDF22A69}
	EndProjectSection
EndProject
Project("{8BC9CEB8-8B4A-11D0-8D11-00A0C91BC942}") = "image_editing_cpu", "image_editing_cpu.vcxproj", "{B20DA179-B207-3C04-ADF4-796BA0FB9FA8}"
	ProjectSection(ProjectDependencies) = postProject
		{AAD07D42-7BEF-364E-A642-1182DDF22A69} = {AAD07D42-7BEF-364E-A642-1182DDF22A69}
	EndProjectSection
EndProject
Project("{8BC9CEB8-8B4A-11D0-8D11-00A0C91BC942}") = "image_editing_cuda", "image_editing_cuda.vcxproj", "{6732C3EC-EF7F-3363-ADE9-C55BDA68E1E9}"
	ProjectSection(ProjectDependencies) = postProject
		{AAD07D42-7BEF-364E-A642-1182DDF22A69} = {AAD07D42-7BEF-364E-A642-1182DDF22A69}
	EndProjectSection
EndProject
Project("{8BC9CEB8-8B4A-11D0-8D11-00A0C91BC942}") = "image_editing_opencl", "image_editing_opencl.vcxproj", "{18D288B5-C873-3A6F-AF1B-1AC3503F56C0}"
	ProjectSection(ProjectDependencies) = postProject
		{AAD07D42-7BEF-364E-A642-1182DDF22A69} = {AAD07D42-7BEF-364E-A642-1182DDF22A69}
	EndProjectSection
EndProject
Project("{8BC9CEB8-8B4A-11D0-8D11-00A0C91BC942}") = "morphing_cpu", "morphing_cpu.vcxproj", "{00332855-2230-3C22-8327-66A2DEAFA51B}"
	ProjectSection(ProjectDependencies) = postProject
		{AAD07D42-7BEF-364E-A642-1182DDF22A69} = {AAD07D42-7BEF-364E-A642-1182DDF22A69}
	EndProjectSection
EndProject
Project("{8BC9CEB8-8B4A-11D0-8D11-00A0C91BC942}") = "morphing_cuda", "morphing_cuda.vcxproj", "{F99B2C50-2044-302D-BEA7-95192CA17B97}"
	ProjectSection(ProjectDependencies) = postProject
		{AAD07D42-7BEF-364E-A642-1182DDF22A69} = {AAD07D42-7BEF-364E-A642-1182DDF22A69}
	EndProjectSection
EndProject
Project("{8BC9CEB8-8B4A-11D0-8D11-00A0C91BC942}") = "morphing_opencl", "morphing_opencl.vcxproj", "{26BBB215-B6BE-364D-8A21-5B637FC03D80}"
	ProjectSection(ProjectDependencies) = postProject
		{AAD07D42-7BEF-364E-A642-1182DDF22A69} = {AAD07D42-7BEF-364E-A642-1182DDF22A69}
	EndProjectSection
EndProject
Project("{8BC9CEB8-8B4A-11D0-8D11-00A0C91BC942}") = "optical_flow_cpu", "optical_flow_cpu.vcxproj", "{B73ACD3D-A669-34A3-BAB6-2D07EBE7FA59}"
	ProjectSection(ProjectDependencies) = postProject
		{AAD07D42-7BEF-364E-A642-1182DDF22A69} = {AAD07D42-7BEF-364E-A642-1182DDF22A69}
	EndProjectSection
EndProject
Project("{8BC9CEB8-8B4A-11D0-8D11-00A0C91BC942}") = "optical_flow_cuda", "optical_flow_cuda.vcxproj", "{5B91FCC9-2622-3D9D-90BA-07AADB3DD1CD}"
	ProjectSection(ProjectDependencies) = postProject
		{AAD07D42-7BEF-364E-A642-1182DDF22A69} = {AAD07D42-7BEF-364E-A642-1182DDF22A69}
	EndProjectSection
EndProject
Project("{8BC9CEB8-8B4A-11D0-8D11-00A0C91BC942}") = "optical_flow_opencl", "optical_flow_opencl.vcxproj", "{E0EA6B5B-1DA0-3A6C-B117-D5257A5DAD67}"
	ProjectSection(ProjectDependencies) = postProject
		{AAD07D42-7BEF-364E-A642-1182DDF22A69} = {AAD07D42-7BEF-364E-A642-1182DDF22A69}
	EndProjectSection
EndProject
Project("{8BC9CEB8-8B4A-11D0-8D11-00A0C91BC942}") = "pyramids_cpu", "pyramids_cpu.vcxproj", "{8DE54261-797E-3D85-BC6E-5EC05DAD2E6A}"
	ProjectSection(ProjectDependencies) = postProject
		{AAD07D42-7BEF-364E-A642-1182DDF22A69} = {AAD07D42-7BEF-364E-A642-1182DDF22A69}
	EndProjectSection
EndProject
Project("{8BC9CEB8-8B4A-11D0-8D11-00A0C91BC942}") = "pyramids_cuda", "pyramids_cuda.vcxproj", "{44957ACC-FEF3-3060-A07D-9263A5AE8891}"
	ProjectSection(ProjectDependencies) = postProject
		{AAD07D42-7BEF-364E-A642-1182DDF22A69} = {AAD07D42-7BEF-364E-A642-1182DDF22A69}
	EndProjectSection
EndProject
Project("{8BC9CEB8-8B4A-11D0-8D11-00A0C91BC942}") = "pyramids_opencl", "pyramids_opencl.vcxproj", "{1A27B471-5870-3788-BEDB-9C60926ACEDA}"
	ProjectSection(ProjectDependencies) = postProject
		{AAD07D42-7BEF-364E-A642-1182DDF22A69} = {AAD07D42-7BEF-364E-A642-1182DDF22A69}
	EndProjectSection
EndProject
Global
	GlobalSection(SolutionConfigurationPlatforms) = preSolution
		Debug|x64 = Debug|x64
		Release|x64 = Release|x64
		MinSizeRel|x64 = MinSizeRel|x64
		RelWithDebInfo|x64 = RelWithDebInfo|x64
	EndGlobalSection
	GlobalSection(ProjectConfigurationPlatforms) = postSolution
		{28F4CFD8-92B3-3E10-954C-45F7C9B7AFC5}.Debug|x64.ActiveCfg = Debug|x64
		{28F4CFD8-92B3-3E10-954C-45F7C9B7AFC5}.Release|x64.ActiveCfg = Release|x64
		{28F4CFD8-92B3-3E10-954C-45F7C9B7AFC5}.MinSizeRel|x64.ActiveCfg = MinSizeRel|x64
		{28F4CFD8-92B3-3E10-954C-45F7C9B7AFC5}.RelWithDebInfo|x64.ActiveCfg = RelWithDebInfo|x64
		{AAD07D42-7BEF-364E-A642-1182DDF22A69}.Debug|x64.ActiveCfg = Debug|x64
		{AAD07D42-7BEF-364E-A642-1182DDF22A69}.Debug|x64.Build.0 = Debug|x64
		{AAD07D42-7BEF-364E-A642-1182DDF22A69}.Release|x64.ActiveCfg = Release|x64
		{AAD07D42-7BEF-364E-A642-1182DDF22A69}.Release|x64.Build.0 = Release|x64
		{AAD07D42-7BEF-364E-A642-1182DDF22A69}.MinSizeRel|x64.ActiveCfg = MinSizeRel|x64
		{AAD07D42-7BEF-364E-A642-1182DDF22A69}.MinSizeRel|x64.Build.0 = MinSizeRel|x64
		{AAD07D42-7BEF-364E-A642-1182DDF22A69}.RelWithDebInfo|x64.ActiveCfg = RelWithDebInfo|x64
		{AAD07D42-7BEF-364E-A642-1182DDF22A69}.RelWithDebInfo|x64.Build.0 = RelWithDebInfo|x64
		{4C99A5C9-D194-3BE3-AD8E-916C3EFA0D96}.Debug|x64.ActiveCfg = Debug|x64
		{4C99A5C9-D194-3BE3-AD8E-916C3EFA0D96}.Debug|x64.Build.0 = Debug|x64
		{4C99A5C9-D194-3BE3-AD8E-916C3EFA0D96}.Release|x64.ActiveCfg = Release|x64
		{4C99A5C9-D194-3BE3-AD8E-916C3EFA0D96}.Release|x64.Build.0 = Release|x64
		{4C99A5C9-D194-3BE3-AD8E-916C3EFA0D96}.MinSizeRel|x64.ActiveCfg = MinSizeRel|x64
		{4C99A5C9-D194-3BE3-AD8E-916C3EFA0D96}.MinSizeRel|x64.Build.0 = MinSizeRel|x64
		{4C99A5C9-D194-3BE3-AD8E-916C3EFA0D96}.RelWithDebInfo|x64.ActiveCfg = RelWithDebInfo|x64
		{4C99A5C9-D194-3BE3-AD8E-916C3EFA0D96}.RelWithDebInfo|x64.Build.0 = RelWithDebInfo|x64
		{EC0721B2-0873-36F0-8086-CEF6DED12F6C}.Debug|x64.ActiveCfg = Debug|x64
		{EC0721B2-0873-36F0-8086-CEF6DED12F6C}.Debug|x64.Build.0 = Debug|x64
		{EC0721B2-0873-36F0-8086-CEF6DED12F6C}.Release|x64.ActiveCfg = Release|x64
		{EC0721B2-0873-36F0-8086-CEF6DED12F6C}.Release|x64.Build.0 = Release|x64
		{EC0721B2-0873-36F0-8086-CEF6DED12F6C}.MinSizeRel|x64.ActiveCfg = MinSizeRel|x64
		{EC0721B2-0873-36F0-8086-CEF6DED12F6C}.MinSizeRel|x64.Build.0 = MinSizeRel|x64
		{EC0721B2-0873-36F0-8086-CEF6DED12F6C}.RelWithDebInfo|x64.ActiveCfg = RelWithDebInfo|x64
		{EC0721B2-0873-36F0-8086-CEF6DED12F6C}.RelWithDebInfo|x64.Build.0 = RelWithDebInfo|x64
		{44B9D998-A9A1-3B86-B173-2DF5FD5244B8}.Debug|x64.ActiveCfg = Debug|x64
		{44B9D998-A9A1-3B86-B173-2DF5FD5244B8}.Debug|x64.Build.0 = Debug|x64
		{44B9D998-A9A1-3B86-B173-2DF5FD5244B8}.Release|x64.ActiveCfg = Release|x64
		{44B9D998-A9A1-3B86-B173-2DF5FD5244B8}.Release|x64.Build.0 = Release|x64
		{44B9D998-A9A1-3B86-B173-2DF5FD5244B8}.MinSizeRel|x64.ActiveCfg = MinSizeRel|x64
		{44B9D998-A9A1-3B86-B173-2DF5FD5244B8}.MinSizeRel|x64.Build.0 = MinSizeRel|x64
		{44B9D998-A9A1-3B86-B173-2DF5FD5244B8}.RelWithDebInfo|x64.ActiveCfg = RelWithDebInfo|x64
		{44B9D998-A9A1-3B86-B173-2DF5FD5244B8}.RelWithDebInfo|x64.Build.0 = RelWithDebInfo|x64
		{A2ABBA4C-908D-3A39-91DC-39553E125E6B}.Debug|x64.ActiveCfg = Debug|x64
		{A2ABBA4C-908D-3A39-91DC-39553E125E6B}.Debug|x64.Build.0 = Debug|x64
		{A2ABBA4C-908D-3A39-91DC-39553E125E6B}.Release|x64.ActiveCfg = Release|x64
		{A2ABBA4C-908D-3A39-91DC-39553E125E6B}.Release|x64.Build.0 = Release|x64
		{A2ABBA4C-908D-3A39-91DC-39553E125E6B}.MinSizeRel|x64.ActiveCfg = MinSizeRel|x64
		{A2ABBA4C-908D-3A39-91DC-39553E125E6B}.MinSizeRel|x64.Build.0 = MinSizeRel|x64
		{A2ABBA4C-908D-3A39-91DC-39553E125E6B}.RelWithDebInfo|x64.ActiveCfg = RelWithDebInfo|x64
		{A2ABBA4C-908D-3A39-91DC-39553E125E6B}.RelWithDebInfo|x64.Build.0 = RelWithDebInfo|x64
		{30DB8A12-A4EB-38C0-987D-3722E6954165}.Debug|x64.ActiveCfg = Debug|x64
		{30DB8A12-A4EB-38C0-987D-3722E6954165}.Debug|x64.Build.0 = Debug|x64
		{30DB8A12-A4EB-38C0-987D-3722E6954165}.Release|x64.ActiveCfg = Release|x64
		{30DB8A12-A4EB-38C0-987D-3722E6954165}.Release|x64.Build.0 = Release|x64
		{30DB8A12-A4EB-38C0-987D-3722E6954165}.MinSizeRel|x64.ActiveCfg = MinSizeRel|x64
		{30DB8A12-A4EB-38C0-987D-3722E6954165}.MinSizeRel|x64.Build.0 = MinSizeRel|x64
		{30DB8A12-A4EB-38C0-987D-3722E6954165}.RelWithDebInfo|x64.ActiveCfg = RelWithDebInfo|x64
		{30DB8A12-A4EB-38C0-987D-3722E6954165}.RelWithDebInfo|x64.Build.0 = RelWithDebInfo|x64
		{F1EFCDEF-B4E2-3122-A9E2-74B8D2AC39C2}.Debug|x64.ActiveCfg = Debug|x64
		{F1EFCDEF-B4E2-3122-A9E2-74B8D2AC39C2}.Debug|x64.Build.0 = Debug|x64
		{F1EFCDEF-B4E2-3122-A9E2-74B8D2AC39C2}.Release|x64.ActiveCfg = Release|x64
		{F1EFCDEF-B4E2-3122-A9E2-74B8D2AC39C2}.Release|x64.Build.0 = Release|x64
		{F1EFCDEF-B4E2-3122-A9E2-74B8D2AC39C2}.MinSizeRel|x64.ActiveCfg = MinSizeRel|x64
		{F1EFCDEF-B4E2-3122-A9E2-74B8D2AC39C2}.MinSizeRel|x64.Build.0 = MinSizeRel|x64
		{F1EFCDEF-B4E2-3122-A9E2-74B8D2AC39C2}.RelWithDebInfo|x64.ActiveCfg = RelWithDebInfo|x64
		{F1EFCDEF-B4E2-3122-A9E2-74B8D2AC39C2}.RelWithDebInfo|x64.Build.0 = RelWithDebInfo|x64
		{D4DD79F7-3795-3C09-96CC-4EF6BE23C9A2}.Debug|x64.ActiveCfg = Debug|x64
		{D4DD79F7-3795-3C09-96CC-4EF6BE23C9A2}.Debug|x64.Build.0 = Debug|x64
		{D4DD79F7-3795-3C09-96CC-4EF6BE23C9A2}.Release|x64.ActiveCfg = Release|x64
		{D4DD79F7-3795-3C09-96CC-4EF6BE23C9A2}.Release|x64.Build.0 = Release|x64
		{D4DD79F7-3795-3C09-96CC-4EF6BE23C9A2}.MinSizeRel|x64.ActiveCfg = MinSizeRel|x64
		{D4DD79F7-3795-3C09-96CC-4EF6BE23C9A2}.MinSizeRel|x64.Build.0 = MinSizeRel|x64
		{D4DD79F7-3795-3C09-96CC-4EF6BE23C9A2}.RelWithDebInfo|x64.ActiveCfg = RelWithDebInfo|x64
		{D4DD79F7-3795-3C09-96CC-4EF6BE23C9A2}.RelWithDebInfo|x64.Build.0 = RelWithDebInfo|x64
		{9720D2A1-2AE0-392B-9B51-FCD58DD0AFF5}.Debug|x64.ActiveCfg = Debug|x64
		{9720D2A1-2AE0-392B-9B51-FCD58DD0AFF5}.Debug|x64.Build.0 = Debug|x64
		{9720D2A1-2AE0-392B-9B51-FCD58DD0AFF5}.Release|x64.ActiveCfg = Release|x64
		{9720D2A1-2AE0-392B-9B51-FCD58DD0AFF5}.Release|x64.Build.0 = Release|x64
		{9720D2A1-2AE0-392B-9B51-FCD58DD0AFF5}.MinSizeRel|x64.ActiveCfg = MinSizeRel|x64
		{9720D2A1-2AE0-392B-9B51-FCD58DD0AFF5}.MinSizeRel|x64.Build.0 = MinSizeRel|x64
		{9720D2A1-2AE0-392B-9B51-FCD58DD0AFF5}.RelWithDebInfo|x64.ActiveCfg = RelWithDebInfo|x64
		{9720D2A1-2AE0-392B-9B51-FCD58DD0AFF5}.RelWithDebInfo|x64.Build.0 = RelWithDebInfo|x64
		{8F45ABB3-0E28-3FD8-8346-24FF4D91DE1F}.Debug|x64.ActiveCfg = Debug|x64
		{8F45ABB3-0E28-3FD8-8346-24FF4D91DE1F}.Debug|x64.Build.0 = Debug|x64
		{8F45ABB3-0E28-3FD8-8346-24FF4D91DE1F}.Release|x64.ActiveCfg = Release|x64
		{8F45ABB3-0E28-3FD8-8346-24FF4D91DE1F}.Release|x64.Build.0 = Release|x64
		{8F45ABB3-0E28-3FD8-8346-24FF4D91DE1F}.MinSizeRel|x64.ActiveCfg = MinSizeRel|x64
		{8F45ABB3-0E28-3FD8-8346-24FF4D91DE1F}.MinSizeRel|x64.Build.0 = MinSizeRel|x64
		{8F45ABB3-0E28-3FD8-8346-24FF4D91DE1F}.RelWithDebInfo|x64.ActiveCfg = RelWithDebInfo|x64
		{8F45ABB3-0E28-3FD8-8346-24FF4D91DE1F}.RelWithDebInfo|x64.Build.0 = RelWithDebInfo|x64
		{18DCBFF9-9DEE-3B28-9CA5-C58D4BB256CA}.Debug|x64.ActiveCfg = Debug|x64
		{18DCBFF9-9DEE-3B28-9CA5-C58D4BB256CA}.Debug|x64.Build.0 = Debug|x64
		{18DCBFF9-9DEE-3B28-9CA5-C58D4BB256CA}.Release|x64.ActiveCfg = Release|x64
		{18DCBFF9-9DEE-3B28-9CA5-C58D4BB256CA}.Release|x64.Build.0 = Release|x64
		{18DCBFF9-9DEE-3B28-9CA5-C58D4BB256CA}.MinSizeRel|x64.ActiveCfg = MinSizeRel|x64
		{18DCBFF9-9DEE-3B28-9CA5-C58D4BB256CA}.MinSizeRel|x64.Build.0 = MinSizeRel|x64
		{18DCBFF9-9DEE-3B28-9CA5-C58D4BB256CA}.RelWithDebInfo|x64.ActiveCfg = RelWithDebInfo|x64
		{18DCBFF9-9DEE-3B28-9CA5-C58D4BB256CA}.RelWithDebInfo|x64.Build.0 = RelWithDebInfo|x64
		{20D5FC1E-F704-30E7-AB9D-EE669583F7FB}.Debug|x64.ActiveCfg = Debug|x64
		{20D5FC1E-F704-30E7-AB9D-EE669583F7FB}.Debug|x64.Build.0 = Debug|x64
		{20D5FC1E-F704-30E7-AB9D-EE669583F7FB}.Release|x64.ActiveCfg = Release|x64
		{20D5FC1E-F704-30E7-AB9D-EE669583F7FB}.Release|x64.Build.0 = Release|x64
		{20D5FC1E-F704-30E7-AB9D-EE669583F7FB}.MinSizeRel|x64.ActiveCfg = MinSizeRel|x64
		{20D5FC1E-F704-30E7-AB9D-EE669583F7FB}.MinSizeRel|x64.Build.0 = MinSizeRel|x64
		{20D5FC1E-F704-30E7-AB9D-EE669583F7FB}.RelWithDebInfo|x64.ActiveCfg = RelWithDebInfo|x64
		{20D5FC1E-F704-30E7-AB9D-EE669583F7FB}.RelWithDebInfo|x64.Build.0 = RelWithDebInfo|x64
		{154A3496-8A1B-37AA-8392-638FAE925B76}.Debug|x64.ActiveCfg = Debug|x64
		{154A3496-8A1B-37AA-8392-638FAE925B76}.Debug|x64.Build.0 = Debug|x64
		{154A3496-8A1B-37AA-8392-638FAE925B76}.Release|x64.ActiveCfg = Release|x64
		{154A3496-8A1B-37AA-8392-638FAE925B76}.Release|x64.Build.0 = Release|x64
		{154A3496-8A1B-37AA-8392-638FAE925B76}.MinSizeRel|x64.ActiveCfg = MinSizeRel|x64
		{154A3496-8A1B-37AA-8392-638FAE925B76}.MinSizeRel|x64.Build.0 = MinSizeRel|x64
		{154A3496-8A1B-37AA-8392-638FAE925B76}.RelWithDebInfo|x64.ActiveCfg = RelWithDebInfo|x64
		{154A3496-8A1B-37AA-8392-638FAE925B76}.RelWithDebInfo|x64.Build.0 = RelWithDebInfo|x64
		{161074A3-FB97-3519-9566-80CF0EA9153B}.Debug|x64.ActiveCfg = Debug|x64
		{161074A3-FB97-3519-9566-80CF0EA9153B}.Debug|x64.Build.0 = Debug|x64
		{161074A3-FB97-3519-9566-80CF0EA9153B}.Release|x64.ActiveCfg = Release|x64
		{161074A3-FB97-3519-9566-80CF0EA9153B}.Release|x64.Build.0 = Release|x64
		{161074A3-FB97-3519-9566-80CF0EA9153B}.MinSizeRel|x64.ActiveCfg = MinSizeRel|x64
		{161074A3-FB97-3519-9566-80CF0EA9153B}.MinSizeRel|x64.Build.0 = MinSizeRel|x64
		{161074A3-FB97-3519-9566-80CF0EA9153B}.RelWithDebInfo|x64.ActiveCfg = RelWithDebInfo|x64
		{161074A3-FB97-3519-9566-80CF0EA9153B}.RelWithDebInfo|x64.Build.0 = RelWithDebInfo|x64
		{052B287E-A260-3D5B-9CE3-1E91BA8CAA32}.Debug|x64.ActiveCfg = Debug|x64
		{052B287E-A260-3D5B-9CE3-1E91BA8CAA32}.Debug|x64.Build.0 = Debug|x64
		{052B287E-A260-3D5B-9CE3-1E91BA8CAA32}.Release|x64.ActiveCfg = Release|x64
		{052B287E-A260-3D5B-9CE3-1E91BA8CAA32}.Release|x64.Build.0 = Release|x64
		{052B287E-A260-3D5B-9CE3-1E91BA8CAA32}.MinSizeRel|x64.ActiveCfg = MinSizeRel|x64
		{052B287E-A260-3D5B-9CE3-1E91BA8CAA32}.MinSizeRel|x64.Build.0 = MinSizeRel|x64
		{052B287E-A260-3D5B-9CE3-1E91BA8CAA32}.RelWithDebInfo|x64.ActiveCfg = RelWithDebInfo|x64
		{052B287E-A260-3D5B-9CE3-1E91BA8CAA32}.RelWithDebInfo|x64.Build.0 = RelWithDebInfo|x64
		{94354331-8585-3C2A-9A64-4AB7B18C9378}.Debug|x64.ActiveCfg = Debug|x64
		{94354331-8585-3C2A-9A64-4AB7B18C9378}.Debug|x64.Build.0 = Debug|x64
		{94354331-8585-3C2A-9A64-4AB7B18C9378}.Release|x64.ActiveCfg = Release|x64
		{94354331-8585-3C2A-9A64-4AB7B18C9378}.Release|x64.Build.0 = Release|x64
		{94354331-8585-3C2A-9A64-4AB7B18C9378}.MinSizeRel|x64.ActiveCfg = MinSizeRel|x64
		{94354331-8585-3C2A-9A64-4AB7B18C9378}.MinSizeRel|x64.Build.0 = MinSizeRel|x64
		{94354331-8585-3C2A-9A64-4AB7B18C9378}.RelWithDebInfo|x64.ActiveCfg = RelWithDebInfo|x64
		{94354331-8585-3C2A-9A64-4AB7B18C9378}.RelWithDebInfo|x64.Build.0 = RelWithDebInfo|x64
		{EE2711A3-B50D-3A4F-9B58-66AB258A7D74}.Debug|x64.ActiveCfg = Debug|x64
		{EE2711A3-B50D-3A4F-9B58-66AB258A7D74}.Debug|x64.Build.0 = Debug|x64
		{EE2711A3-B50D-3A4F-9B58-66AB258A7D74}.Release|x64.ActiveCfg = Release|x64
		{EE2711A3-B50D-3A4F-9B58-66AB258A7D74}.Release|x64.Build.0 = Release|x64
		{EE2711A3-B50D-3A4F-9B58-66AB258A7D74}.MinSizeRel|x64.ActiveCfg = MinSizeRel|x64
		{EE2711A3-B50D-3A4F-9B58-66AB258A7D74}.MinSizeRel|x64.Build.0 = MinSizeRel|x64
		{EE2711A3-B50D-3A4F-9B58-66AB258A7D74}.RelWithDebInfo|x64.ActiveCfg = RelWithDebInfo|x64
		{EE2711A3-B50D-3A4F-9B58-66AB258A7D74}.RelWithDebInfo|x64.Build.0 = RelWithDebInfo|x64
		{21107738-AAFB-3BEE-BCF6-B28AFE517751}.Debug|x64.ActiveCfg = Debug|x64
		{21107738-AAFB-3BEE-BCF6-B28AFE517751}.Debug|x64.Build.0 = Debug|x64
		{21107738-AAFB-3BEE-BCF6-B28AFE517751}.Release|x64.ActiveCfg = Release|x64
		{21107738-AAFB-3BEE-BCF6-B28AFE517751}.Release|x64.Build.0 = Release|x64
		{21107738-AAFB-3BEE-BCF6-B28AFE517751}.MinSizeRel|x64.ActiveCfg = MinSizeRel|x64
		{21107738-AAFB-3BEE-BCF6-B28AFE517751}.MinSizeRel|x64.Build.0 = MinSizeRel|x64
		{21107738-AAFB-3BEE-BCF6-B28AFE517751}.RelWithDebInfo|x64.ActiveCfg = RelWithDebInfo|x64
		{21107738-AAFB-3BEE-BCF6-B28AFE517751}.RelWithDebInfo|x64.Build.0 = RelWithDebInfo|x64
		{D2A59F07-23D0-30D6-A686-C1BFC0635131}.Debug|x64.ActiveCfg = Debug|x64
		{D2A59F07-23D0-30D6-A686-C1BFC0635131}.Debug|x64.Build.0 = Debug|x64
		{D2A59F07-23D0-30D6-A686-C1BFC0635131}.Release|x64.ActiveCfg = Release|x64
		{D2A59F07-23D0-30D6-A686-C1BFC0635131}.Release|x64.Build.0 = Release|x64
		{D2A59F07-23D0-30D6-A686-C1BFC0635131}.MinSizeRel|x64.ActiveCfg = MinSizeRel|x64
		{D2A59F07-23D0-30D6-A686-C1BFC0635131}.MinSizeRel|x64.Build.0 = MinSizeRel|x64
		{D2A59F07-23D0-30D6-A686-C1BFC0635131}.RelWithDebInfo|x64.ActiveCfg = RelWithDebInfo|x64
		{D2A59F07-23D0-30D6-A686-C1BFC0635131}.RelWithDebInfo|x64.Build.0 = RelWithDebInfo|x64
		{29A2BFD7-11F7-30D5-8FA7-7ACF8301F50C}.Debug|x64.ActiveCfg = Debug|x64
		{29A2BFD7-11F7-30D5-8FA7-7ACF8301F50C}.Debug|x64.Build.0 = Debug|x64
		{29A2BFD7-11F7-30D5-8FA7-7ACF8301F50C}.Release|x64.ActiveCfg = Release|x64
		{29A2BFD7-11F7-30D5-8FA7-7ACF8301F50C}.Release|x64.Build.0 = Release|x64
		{29A2BFD7-11F7-30D5-8FA7-7ACF8301F50C}.MinSizeRel|x64.ActiveCfg = MinSizeRel|x64
		{29A2BFD7-11F7-30D5-8FA7-7ACF8301F50C}.MinSizeRel|x64.Build.0 = MinSizeRel|x64
		{29A2BFD7-11F7-30D5-8FA7-7ACF8301F50C}.RelWithDebInfo|x64.ActiveCfg = RelWithDebInfo|x64
		{29A2BFD7-11F7-30D5-8FA7-7ACF8301F50C}.RelWithDebInfo|x64.Build.0 = RelWithDebInfo|x64
		{1B129AF9-DCA1-3D1F-8CAA-D49B3F414C38}.Debug|x64.ActiveCfg = Debug|x64
		{1B129AF9-DCA1-3D1F-8CAA-D49B3F414C38}.Debug|x64.Build.0 = Debug|x64
		{1B129AF9-DCA1-3D1F-8CAA-D49B3F414C38}.Release|x64.ActiveCfg = Release|x64
		{1B129AF9-DCA1-3D1F-8CAA-D49B3F414C38}.Release|x64.Build.0 = Release|x64
		{1B129AF9-DCA1-3D1F-8CAA-D49B3F414C38}.MinSizeRel|x64.ActiveCfg = MinSizeRel|x64
		{1B129AF9-DCA1-3D1F-8CAA-D49B3F414C38}.MinSizeRel|x64.Build.0 = MinSizeRel|x64
		{1B129AF9-DCA1-3D1F-8CAA-D49B3F414C38}.RelWithDebInfo|x64.ActiveCfg = RelWithDebInfo|x64
		{1B129AF9-DCA1-3D1F-8CAA-D49B3F414C38}.RelWithDebInfo|x64.Build.0 = RelWithDebInfo|x64
		{2A3618F3-7895-397A-A9D5-D9668D6ECAAB}.Debug|x64.ActiveCfg = Debug|x64
		{2A3618F3-7895-397A-A9D5-D9668D6ECAAB}.Debug|x64.Build.0 = Debug|x64
		{2A3618F3-7895-397A-A9D5-D9668D6ECAAB}.Release|x64.ActiveCfg = Release|x64
		{2A3618F3-7895-397A-A9D5-D9668D6ECAAB}.Release|x64.Build.0 = Release|x64
		{2A3618F3-7895-397A-A9D5-D9668D6ECAAB}.MinSizeRel|x64.ActiveCfg = MinSizeRel|x64
		{2A3618F3-7895-397A-A9D5-D9668D6ECAAB}.MinSizeRel|x64.Build.0 = MinSizeRel|x64
		{2A3618F3-7895-397A-A9D5-D9668D6ECAAB}.RelWithDebInfo|x64.ActiveCfg = RelWithDebInfo|x64
		{2A3618F3-7895-397A-A9D5-D9668D6ECAAB}.RelWithDebInfo|x64.Build.0 = RelWithDebInfo|x64
		{C0F48D0F-13D4-3D96-827F-27053D4323FA}.Debug|x64.ActiveCfg = Debug|x64
		{C0F48D0F-13D4-3D96-827F-27053D4323FA}.Debug|x64.Build.0 = Debug|x64
		{C0F48D0F-13D4-3D96-827F-27053D4323FA}.Release|x64.ActiveCfg = Release|x64
		{C0F48D0F-13D4-3D96-827F-27053D4323FA}.Release|x64.Build.0 = Release|x64
		{C0F48D0F-13D4-3D96-827F-27053D4323FA}.MinSizeRel|x64.ActiveCfg = MinSizeRel|x64
		{C0F48D0F-13D4-3D96-827F-27053D4323FA}.MinSizeRel|x64.Build.0 = MinSizeRel|x64
		{C0F48D0F-13D4-3D96-827F-27053D4323FA}.RelWithDebInfo|x64.ActiveCfg = RelWithDebInfo|x64
		{C0F48D0F-13D4-3D96-827F-27053D4323FA}.RelWithDebInfo|x64.Build.0 = RelWithDebInfo|x64
		{B43C9B9F-6211-34FF-9246-D762C7FF147C}.Debug|x64.ActiveCfg = Debug|x64
		{B43C9B9F-6211-34FF-9246-D762C7FF147C}.Debug|x64.Build.0 = Debug|x64
		{B43C9B9F-6211-34FF-9246-D762C7FF147C}.Release|x64.ActiveCfg = Release|x64
		{B43C9B9F-6211-34FF-9246-D762C7FF147C}.Release|x64.Build.0 = Release|x64
		{B43C9B9F-6211-34FF-9246-D762C7FF147C}.MinSizeRel|x64.ActiveCfg = MinSizeRel|x64
		{B43C9B9F-6211-34FF-9246-D762C7FF147C}.MinSizeRel|x64.Build.0 = MinSizeRel|x64
		{B43C9B9F-6211-34FF-9246-D762C7FF147C}.RelWithDebInfo|x64.ActiveCfg = RelWithDebInfo|x64
		{B43C9B9F-6211-34FF-9246-D762C7FF147C}.RelWithDebInfo|x64.Build.0 = RelWithDebInfo|x64
		{C3950857-FDA7-35DF-9D1F-6850EF7CC87E}.Debug|x64.ActiveCfg = Debug|x64
		{C3950857-FDA7-35DF-9D1F-6850EF7CC87E}.Debug|x64.Build.0 = Debug|x64
		{C3950857-FDA7-35DF-9D1F-6850EF7CC87E}.Release|x64.ActiveCfg = Release|x64
		{C3950857-FDA7-35DF-9D1F-6850EF7CC87E}.Release|x64.Build.0 = Release|x64
		{C3950857-FDA7-35DF-9D1F-6850EF7CC87E}.MinSizeRel|x64.ActiveCfg = MinSizeRel|x64
		{C3950857-FDA7-35DF-9D1F-6850EF7CC87E}.MinSizeRel|x64.Build.0 = MinSizeRel|x64
		{C3950857-FDA7-35DF-9D1F-6850EF7CC87E}.RelWithDebInfo|x64.ActiveCfg = RelWithDebInfo|x64
		{C3950857-FDA7-35DF-9D1F-6850EF7CC87E}.RelWithDebInfo|x64.Build.0 = RelWithDebInfo|x64
		{8FC0C8E2-5757-3F1C-8C88-7FD87F52D765}.Debug|x64.ActiveCfg = Debug|x64
		{8FC0C8E2-5757-3F1C-8C88-7FD87F52D765}.Debug|x64.Build.0 = Debug|x64
		{8FC0C8E2-5757-3F1C-8C88-7FD87F52D765}.Release|x64.ActiveCfg = Release|x64
		{8FC0C8E2-5757-3F1C-8C88-7FD87F52D765}.Release|x64.Build.0 = Release|x64
		{8FC0C8E2-5757-3F1C-8C88-7FD87F52D765}.MinSizeRel|x64.ActiveCfg = MinSizeRel|x64
		{8FC0C8E2-5757-3F1C-8C88-7FD87F52D765}.MinSizeRel|x64.Build.0 = MinSizeRel|x64
		{8FC0C8E2-5757-3F1C-8C88-7FD87F52D765}.RelWithDebInfo|x64.ActiveCfg = RelWithDebInfo|x64
		{8FC0C8E2-5757-3F1C-8C88-7FD87F52D765}.RelWithDebInfo|x64.Build.0 = RelWithDebInfo|x64
		{C3B1AD05-5C60-37DD-8AB2-D88786E46ABD}.Debug|x64.ActiveCfg = Debug|x64
		{C3B1AD05-5C60-37DD-8AB2-D88786E46ABD}.Debug|x64.Build.0 = Debug|x64
		{C3B1AD05-5C60-37DD-8AB2-D88786E46ABD}.Release|x64.ActiveCfg = Release|x64
		{C3B1AD05-5C60-37DD-8AB2-D88786E46ABD}.Release|x64.Build.0 = Release|x64
		{C3B1AD05-5C60-37DD-8AB2-D88786E46ABD}.MinSizeRel|x64.ActiveCfg = MinSizeRel|x64
		{C3B1AD05-5C60-37DD-8AB2-D88786E46ABD}.MinSizeRel|x64.Build.0 = MinSizeRel|x64
		{C3B1AD05-5C60-37DD-8AB2-D88786E46ABD}.RelWithDebInfo|x64.ActiveCfg = RelWithDebInfo|x64
		{C3B1AD05-5C60-37DD-8AB2-D88786E46ABD}.RelWithDebInfo|x64.Build.0 = RelWithDebInfo|x64
		{6E88AA4C-A04B-3C90-BCD1-0DB26C0346F5}.Debug|x64.ActiveCfg = Debug|x64
		{6E88AA4C-A04B-3C90-BCD1-0DB26C0346F5}.Debug|x64.Build.0 = Debug|x64
		{6E88AA4C-A04B-3C90-BCD1-0DB26C0346F5}.Release|x64.ActiveCfg = Release|x64
		{6E88AA4C-A04B-3C90-BCD1-0DB26C0346F5}.Release|x64.Build.0 = Release|x64
		{6E88AA4C-A04B-3C90-BCD1-0DB26C0346F5}.MinSizeRel|x64.ActiveCfg = MinSizeRel|x64
		{6E88AA4C-A04B-3C90-BCD1-0DB26C0346F5}.MinSizeRel|x64.Build.0 = MinSizeRel|x64
		{6E88AA4C-A04B-3C90-BCD1-0DB26C0346F5}.RelWithDebInfo|x64.ActiveCfg = RelWithDebInfo|x64
		{6E88AA4C-A04B-3C90-BCD1-0DB26C0346F5}.RelWithDebInfo|x64.Build.0 = RelWithDebInfo|x64
		{B20DA179-B207-3C04-ADF4-796BA0FB9FA8}.Debug|x64.ActiveCfg = Debug|x64
		{B20DA179-B207-3C04-ADF4-796BA0FB9FA8}.Debug|x64.Build.0 = Debug|x64
		{B20DA179-B207-3C04-ADF4-796BA0FB9FA8}.Release|x64.ActiveCfg = Release|x64
		{B20DA179-B207-3C04-ADF4-796BA0FB9FA8}.Release|x64.Build.0 = Release|x64
		{B20DA179-B207-3C04-ADF4-796BA0FB9FA8}.MinSizeRel|x64.ActiveCfg = MinSizeRel|x64
		{B20DA179-B207-3C04-ADF4-796BA0FB9FA8}.MinSizeRel|x64.Build.0 = MinSizeRel|x64
		{B20DA179-B207-3C04-ADF4-796BA0FB9FA8}.RelWithDebInfo|x64.ActiveCfg = RelWithDebInfo|x64
		{B20DA179-B207-3C04-ADF4-796BA0FB9FA8}.RelWithDebInfo|x64.Build.0 = RelWithDebInfo|x64
		{6732C3EC-EF7F-3363-ADE9-C55BDA68E1E9}.Debug|x64.ActiveCfg = Debug|x64
		{6732C3EC-EF7F-3363-ADE9-C55BDA68E1E9}.Debug|x64.Build.0 = Debug|x64
		{6732C3EC-EF7F-3363-ADE9-C55BDA68E1E9}.Release|x64.ActiveCfg = Release|x64
		{6732C3EC-EF7F-3363-ADE9-C55BDA68E1E9}.Release|x64.Build.0 = Release|x64
		{6732C3EC-EF7F-3363-ADE9-C55BDA68E1E9}.MinSizeRel|x64.ActiveCfg = MinSizeRel|x64
		{6732C3EC-EF7F-3363-ADE9-C55BDA68E1E9}.MinSizeRel|x64.Build.0 = MinSizeRel|x64
		{6732C3EC-EF7F-3363-ADE9-C55BDA68E1E9}.RelWithDebInfo|x64.ActiveCfg = RelWithDebInfo|x64
		{6732C3EC-EF7F-3363-ADE9-C55BDA68E1E9}.RelWithDebInfo|x64.Build.0 = RelWithDebInfo|x64
		{18D288B5-C873-3A6F-AF1B-1AC3503F56C0}.Debug|x64.ActiveCfg = Debug|x64
		{18D288B5-C873-3A6F-AF1B-1AC3503F56C0}.Debug|x64.Build.0 = Debug|x64
		{18D288B5-C873-3A6F-AF1B-1AC3503F56C0}.Release|x64.ActiveCfg = Release|x64
		{18D288B5-C873-3A6F-AF1B-1AC3503F56C0}.Release|x64.Build.0 = Release|x64
		{18D288B5-C873-3A6F-AF1B-1AC3503F56C0}.MinSizeRel|x64.ActiveCfg = MinSizeRel|x64
		{18D288B5-C873-3A6F-AF1B-1AC3503F56C0}.MinSizeRel|x64.Build.0 = MinSizeRel|x64
		{18D288B5-C873-3A6F-AF1B-1AC3503F56C0}.RelWithDebInfo|x64.ActiveCfg = RelWithDebInfo|x64
		{18D288B5-C873-3A6F-AF1B-1AC3503F56C0}.RelWithDebInfo|x64.Build.0 = RelWithDebInfo|x64
		{00332855-2230-3C22-8327-66A2DEAFA51B}.Debug|x64.ActiveCfg = Debug|x64
		{00332855-2230-3C22-8327-66A2DEAFA51B}.Debug|x64.Build.0 = Debug|x64
		{00332855-2230-3C22-8327-66A2DEAFA51B}.Release|x64.ActiveCfg = Release|x64
		{00332855-2230-3C22-8327-66A2DEAFA51B}.Release|x64.Build.0 = Release|x64
		{00332855-2230-3C22-8327-66A2DEAFA51B}.MinSizeRel|x64.ActiveCfg = MinSizeRel|x64
		{00332855-2230-3C22-8327-66A2DEAFA51B}.MinSizeRel|x64.Build.0 = MinSizeRel|x64
		{00332855-2230-3C22-8327-66A2DEAFA51B}.RelWithDebInfo|x64.ActiveCfg = RelWithDebInfo|x64
		{00332855-2230-3C22-8327-66A2DEAFA51B}.RelWithDebInfo|x64.Build.0 = RelWithDebInfo|x64
		{F99B2C50-2044-302D-BEA7-95192CA17B97}.Debug|x64.ActiveCfg = Debug|x64
		{F99B2C50-2044-302D-BEA7-95192CA17B97}.Debug|x64.Build.0 = Debug|x64
		{F99B2C50-2044-302D-BEA7-95192CA17B97}.Release|x64.ActiveCfg = Release|x64
		{F99B2C50-2044-302D-BEA7-95192CA17B97}.Release|x64.Build.0 = Release|x64
		{F99B2C50-2044-302D-BEA7-95192CA17B97}.MinSizeRel|x64.ActiveCfg = MinSizeRel|x64
		{F99B2C50-2044-302D-BEA7-95192CA17B97}.MinSizeRel|x64.Build.0 = MinSizeRel|x64
		{F99B2C50-2044-302D-BEA7-95192CA17B97}.RelWithDebInfo|x64.ActiveCfg = RelWithDebInfo|x64
		{F99B2C50-2044-302D-BEA7-95192CA17B97}.RelWithDebInfo|x64.Build.0 = RelWithDebInfo|x64
		{26BBB215-B6BE-364D-8A21-5B637FC03D80}.Debug|x64.ActiveCfg = Debug|x64
		{26BBB215-B6BE-364D-8A21-5B637FC03D80}.Debug|x64.Build.0 = Debug|x64
		{26BBB215-B6BE-364D-8A21-5B637FC03D80}.Release|x64.ActiveCfg = Release|x64
		{26BBB215-B6BE-364D-8A21-5B637FC03D80}.Release|x64.Build.0 = Release|x64
		{26BBB215-B6BE-364D-8A21-5B637FC03D80}.MinSizeRel|x64.ActiveCfg = MinSizeRel|x64
		{26BBB215-B6BE-364D-8A21-5B637FC03D80}.MinSizeRel|x64.Build.0 = MinSizeRel|x64
		{26BBB215-B6BE-364D-8A21-5B637FC03D80}.RelWithDebInfo|x64.ActiveCfg = RelWithDebInfo|x64
		{26BBB215-B6BE-364D-8A21-5B637FC03D80}.RelWithDebInfo|x64.Build.0 = RelWithDebInfo|x64
		{B73ACD3D-A669-34A3-BAB6-2D07EBE7FA59}.Debug|x64.ActiveCfg = Debug|x64
		{B73ACD3D-A669-34A3-BAB6-2D07EBE7FA59}.Debug|x64.Build.0 = Debug|x64
		{B73ACD3D-A669-34A3-BAB6-2D07EBE7FA59}.Release|x64.ActiveCfg = Release|x64
		{B73ACD3D-A669-34A3-BAB6-2D07EBE7FA59}.Release|x64.Build.0 = Release|x64
		{B73ACD3D-A669-34A3-BAB6-2D07EBE7FA59}.MinSizeRel|x64.ActiveCfg = MinSizeRel|x64
		{B73ACD3D-A669-34A3-BAB6-2D07EBE7FA59}.MinSizeRel|x64.Build.0 = MinSizeRel|x64
		{B73ACD3D-A669-34A3-BAB6-2D07EBE7FA59}.RelWithDebInfo|x64.ActiveCfg = RelWithDebInfo|x64
		{B73ACD3D-A669-34A3-BAB6-2D07EBE7FA59}.RelWithDebInfo|x64.Build.0 = RelWithDebInfo|x64
		{5B91FCC9-2622-3D9D-90BA-07AADB3DD1CD}.Debug|x64.ActiveCfg = Debug|x64
		{5B91FCC9-2622-3D9D-90BA-07AADB3DD1CD}.Debug|x64.Build.0 = Debug|x64
		{5B91FCC9-2622-3D9D-90BA-07AADB3DD1CD}.Release|x64.ActiveCfg = Release|x64
		{5B91FCC9-2622-3D9D-90BA-07AADB3DD1CD}.Release|x64.Build.0 = Release|x64
		{5B91FCC9-2622-3D9D-90BA-07AADB3DD1CD}.MinSizeRel|x64.ActiveCfg = MinSizeRel|x64
		{5B91FCC9-2622-3D9D-90BA-07AADB3DD1CD}.MinSizeRel|x64.Build.0 = MinSizeRel|x64
		{5B91FCC9-2622-3D9D-90BA-07AADB3DD1CD}.RelWithDebInfo|x64.ActiveCfg = RelWithDebInfo|x64
		{5B91FCC9-2622-3D9D-90BA-07AADB3DD1CD}.RelWithDebInfo|x64.Build.0 = RelWithDebInfo|x64
		{E0EA6B5B-1DA0-3A6C-B117-D5257A5DAD67}.Debug|x64.ActiveCfg = Debug|x64
		{E0EA6B5B-1DA0-3A6C-B117-D5257A5DAD67}.Debug|x64.Build.0 = Debug|x64
		{E0EA6B5B-1DA0-3A6C-B117-D5257A5DAD67}.Release|x64.ActiveCfg = Release|x64
		{E0EA6B5B-1DA0-3A6C-B117-D5257A5DAD67}.Release|x64.Build.0 = Release|x64
		{E0EA6B5B-1DA0-3A6C-B117-D5257A5DAD67}.MinSizeRel|x64.ActiveCfg = MinSizeRel|x64
		{E0EA6B5B-1DA0-3A6C-B117-D5257A5DAD67}.MinSizeRel|x64.Build.0 = MinSizeRel|x64
		{E0EA6B5B-1DA0-3A6C-B117-D5257A5DAD67}.RelWithDebInfo|x64.ActiveCfg = RelWithDebInfo|x64
		{E0EA6B5B-1DA0-3A6C-B117-D5257A5DAD67}.RelWithDebInfo|x64.Build.0 = RelWithDebInfo|x64
		{8DE54261-797E-3D85-BC6E-5EC05DAD2E6A}.Debug|x64.ActiveCfg = Debug|x64
		{8DE54261-797E-3D85-BC6E-5EC05DAD2E6A}.Debug|x64.Build.0 = Debug|x64
		{8DE54261-797E-3D85-BC6E-5EC05DAD2E6A}.Release|x64.ActiveCfg = Release|x64
		{8DE54261-797E-3D85-BC6E-5EC05DAD2E6A}.Release|x64.Build.0 = Release|x64
		{8DE54261-797E-3D85-BC6E-5EC05DAD2E6A}.MinSizeRel|x64.ActiveCfg = MinSizeRel|x64
		{8DE54261-797E-3D85-BC6E-5EC05DAD2E6A}.MinSizeRel|x64.Build.0 = MinSizeRel|x64
		{8DE54261-797E-3D85-BC6E-5EC05DAD2E6A}.RelWithDebInfo|x64.ActiveCfg = RelWithDebInfo|x64
		{8DE54261-797E-3D85-BC6E-5EC05DAD2E6A}.RelWithDebInfo|x64.Build.0 = RelWithDebInfo|x64
		{44957ACC-FEF3-3060-A07D-9263A5AE8891}.Debug|x64.ActiveCfg = Debug|x64
		{44957ACC-FEF3-3060-A07D-9263A5AE8891}.Debug|x64.Build.0 = Debug|x64
		{44957ACC-FEF3-3060-A07D-9263A5AE8891}.Release|x64.ActiveCfg = Release|x64
		{44957ACC-FEF3-3060-A07D-9263A5AE8891}.Release|x64.Build.0 = Release|x64
		{44957ACC-FEF3-3060-A07D-9263A5AE8891}.MinSizeRel|x64.ActiveCfg = MinSizeRel|x64
		{44957ACC-FEF3-3060-A07D-9263A5AE8891}.MinSizeRel|x64.Build.0 = MinSizeRel|x64
		{44957ACC-FEF3-3060-A07D-9263A5AE8891}.RelWithDebInfo|x64.ActiveCfg = RelWithDebInfo|x64
		{44957ACC-FEF3-3060-A07D-9263A5AE8891}.RelWithDebInfo|x64.Build.0 = RelWithDebInfo|x64
		{1A27B471-5870-3788-BEDB-9C60926ACEDA}.Debug|x64.ActiveCfg = Debug|x64
		{1A27B471-5870-3788-BEDB-9C60926ACEDA}.Debug|x64.Build.0 = Debug|x64
		{1A27B471-5870-3788-BEDB-9C60926ACEDA}.Release|x64.ActiveCfg = Release|x64
		{1A27B471-5870-3788-BEDB-9C60926ACEDA}.Release|x64.Build.0 = Release|x64
		{1A27B471-5870-3788-BEDB-9C60926ACEDA}.MinSizeRel|x64.ActiveCfg = MinSizeRel|x64
		{1A27B471-5870-3788-BEDB-9C60926ACEDA}.MinSizeRel|x64.Build.0 = MinSizeRel|x64
		{1A27B471-5870-3788-BEDB-9C60926ACEDA}.RelWithDebInfo|x64.ActiveCfg = RelWithDebInfo|x64
		{1A27B471-5870-3788-BEDB-9C60926ACEDA}.RelWithDebInfo|x64.Build.0 = RelWithDebInfo|x64
	EndGlobalSection
	GlobalSection(ExtensibilityGlobals) = postSolution
		SolutionGuid = {CB91C128-30C2-3971-862A-E694B63354F8}
	EndGlobalSection
	GlobalSection(ExtensibilityAddIns) = postSolution
	EndGlobalSection
EndGlobal
