
Microsoft Visual Studio Solution File, Format Version 12.00
# Visual Studio Version 16
Project("{8BC9CEB8-8B4A-11D0-8D11-00A0C91BC942}") = "ALL_BUILD", "ALL_BUILD.vcxproj", "{28F4CFD8-92B3-3E10-954C-45F7C9B7AFC5}"
	ProjectSection(ProjectDependencies) = postProject
		{AAD07D42-7BEF-364E-A642-1182DDF22A69} = {AAD07D42-7BEF-364E-A642-1182DDF22A69}
		{839AE8F2-222F-336B-8F94-FFEBA21E850D} = {839AE8F2-222F-336B-8F94-FFEBA21E850D}
		{E11C36CA-F0F7-3787-ADC9-025EA5D0528D} = {E11C36CA-F0F7-3787-ADC9-025EA5D0528D}
		{E0466831-548A-35E2-8A7C-D47DB23A49F9} = {E0466831-548A-35E2-8A7C-D47DB23A49F9}
		{72C8719D-6705-35E6-8FDF-9447B9F6F960} = {72C8719D-6705-35E6-8FDF-9447B9F6F960}
		{97B50FBE-8E72-3ACD-959E-81BC228CF1B1} = {97B50FBE-8E72-3ACD-959E-81BC228CF1B1}
		{C9A838DE-6029-3A76-874F-CEF2DD7E94C8} = {C9A838DE-6029-3A76-874F-CEF2DD7E94C8}
		{D7BD0D1E-E59F-36A5-A2B5-EF39B8217A5D} = {D7BD0D1E-E59F-36A5-A2B5-EF39B8217A5D}
		{5A2C8872-AFF1-3BCF-B90F-DFF8C838EFC7} = {5A2C8872-AFF1-3BCF-B90F-DFF8C838EFC7}
		{2630DE4C-ADC8-3436-A509-297A44AF2629} = {2630DE4C-ADC8-3436-A509-297A44AF2629}
		{3A13666C-163C-3B29-ADE3-019EA0CE7A47} = {3A13666C-163C-3B29-ADE3-019EA0CE7A47}
		{D5CF4794-9307-3DAB-A794-D8C1421C10A0} = {D5CF4794-9307-3DAB-A794-D8C1421C10A0}
		{6C25CB9F-C734-3990-BA2C-F9D4E353732D} = {6C25CB9F-C734-3990-BA2C-F9D4E353732D}
	EndProjectSection
EndProject
Project("{8BC9CEB8-8B4A-11D0-8D11-00A0C91BC942}") = "ZERO_CHECK", "..\\ZERO_CHECK.vcxproj", "{AAD07D42-7BEF-364E-A642-1182DDF22A69}"
	ProjectSection(ProjectDependencies) = postProject
	EndProjectSection
EndProject
Project("{8BC9CEB8-8B4A-11D0-8D11-00A0C91BC942}") = "convolve_cpu", "convolve_cpu.vcxproj", "{839AE8F2-222F-336B-8F94-FFEBA21E850D}"
	ProjectSection(ProjectDependencies) = postProject
		{AAD07D42-7BEF-364E-A642-1182DDF22A69} = {AAD07D42-7BEF-364E-A642-1182DDF22A69}
	EndProjectSection
EndProject
Project("{8BC9CEB8-8B4A-11D0-8D11-00A0C91BC942}") = "convolve_cuda", "convolve_cuda.vcxproj", "{E11C36CA-F0F7-3787-ADC9-025EA5D0528D}"
	ProjectSection(ProjectDependencies) = postProject
		{AAD07D42-7BEF-364E-A642-1182DDF22A69} = {AAD07D42-7BEF-364E-A642-1182DDF22A69}
	EndProjectSection
EndProject
Project("{8BC9CEB8-8B4A-11D0-8D11-00A0C91BC942}") = "convolve_opencl", "convolve_opencl.vcxproj", "{E0466831-548A-35E2-8A7C-D47DB23A49F9}"
	ProjectSection(ProjectDependencies) = postProject
		{AAD07D42-7BEF-364E-A642-1182DDF22A69} = {AAD07D42-7BEF-364E-A642-1182DDF22A69}
	EndProjectSection
EndProject
Project("{8BC9CEB8-8B4A-11D0-8D11-00A0C91BC942}") = "integer_cpu", "integer_cpu.vcxproj", "{72C8719D-6705-35E6-8FDF-9447B9F6F960}"
	ProjectSection(ProjectDependencies) = postProject
		{AAD07D42-7BEF-364E-A642-1182DDF22A69} = {AAD07D42-7BEF-364E-A642-1182DDF22A69}
	EndProjectSection
EndProject
Project("{8BC9CEB8-8B4A-11D0-8D11-00A0C91BC942}") = "integer_cuda", "integer_cuda.vcxproj", "{97B50FBE-8E72-3ACD-959E-81BC228CF1B1}"
	ProjectSection(ProjectDependencies) = postProject
		{AAD07D42-7BEF-364E-A642-1182DDF22A69} = {AAD07D42-7BEF-364E-A642-1182DDF22A69}
	EndProjectSection
EndProject
Project("{8BC9CEB8-8B4A-11D0-8D11-00A0C91BC942}") = "integer_opencl", "integer_opencl.vcxproj", "{C9A838DE-6029-3A76-874F-CEF2DD7E94C8}"
	ProjectSection(ProjectDependencies) = postProject
		{AAD07D42-7BEF-364E-A642-1182DDF22A69} = {AAD07D42-7BEF-364E-A642-1182DDF22A69}
	EndProjectSection
EndProject
Project("{8BC9CEB8-8B4A-11D0-8D11-00A0C91BC942}") = "rainfall_cpu", "rainfall_cpu.vcxproj", "{D7BD0D1E-E59F-36A5-A2B5-EF39B8217A5D}"
	ProjectSection(ProjectDependencies) = postProject
		{AAD07D42-7BEF-364E-A642-1182DDF22A69} = {AAD07D42-7BEF-364E-A642-1182DDF22A69}
	EndProjectSection
EndProject
Project("{8BC9CEB8-8B4A-11D0-8D11-00A0C91BC942}") = "rainfall_cuda", "rainfall_cuda.vcxproj", "{5A2C8872-AFF1-3BCF-B90F-DFF8C838EFC7}"
	ProjectSection(ProjectDependencies) = postProject
		{AAD07D42-7BEF-364E-A642-1182DDF22A69} = {AAD07D42-7BEF-364E-A642-1182DDF22A69}
	EndProjectSection
EndProject
Project("{8BC9CEB8-8B4A-11D0-8D11-00A0C91BC942}") = "rainfall_opencl", "rainfall_opencl.vcxproj", "{2630DE4C-ADC8-3436-A509-297A44AF2629}"
	ProjectSection(ProjectDependencies) = postProject
		{AAD07D42-7BEF-364E-A642-1182DDF22A69} = {AAD07D42-7BEF-364E-A642-1182DDF22A69}
	EndProjectSection
EndProject
Project("{8BC9CEB8-8B4A-11D0-8D11-00A0C91BC942}") = "vectorize_cpu", "vectorize_cpu.vcxproj", "{3A13666C-163C-3B29-ADE3-019EA0CE7A47}"
	ProjectSection(ProjectDependencies) = postProject
		{AAD07D42-7BEF-364E-A642-1182DDF22A69} = {AAD07D42-7BEF-364E-A642-1182DDF22A69}
	EndProjectSection
EndProject
Project("{8BC9CEB8-8B4A-11D0-8D11-00A0C91BC942}") = "vectorize_cuda", "vectorize_cuda.vcxproj", "{D5CF4794-9307-3DAB-A794-D8C1421C10A0}"
	ProjectSection(ProjectDependencies) = postProject
		{AAD07D42-7BEF-364E-A642-1182DDF22A69} = {AAD07D42-7BEF-364E-A642-1182DDF22A69}
	EndProjectSection
EndProject
Project("{8BC9CEB8-8B4A-11D0-8D11-00A0C91BC942}") = "vectorize_opencl", "vectorize_opencl.vcxproj", "{6C25CB9F-C734-3990-BA2C-F9D4E353732D}"
	ProjectSection(ProjectDependencies) = postProject
		{AAD07D42-7BEF-364E-A642-1182DDF22A69} = {AAD07D42-7BEF-364E-A642-1182DDF22A69}
	EndProjectSection
EndProject
Global
	GlobalSection(SolutionConfigurationPlatforms) = preSolution
		Debug|x64 = Debug|x64
		Release|x64 = Release|x64
		MinSizeRel|x64 = MinSizeRel|x64
		RelWithDebInfo|x64 = RelWithDebInfo|x64
	EndGlobalSection
	GlobalSection(ProjectConfigurationPlatforms) = postSolution
		{28F4CFD8-92B3-3E10-954C-45F7C9B7AFC5}.Debug|x64.ActiveCfg = Debug|x64
		{28F4CFD8-92B3-3E10-954C-45F7C9B7AFC5}.Release|x64.ActiveCfg = Release|x64
		{28F4CFD8-92B3-3E10-954C-45F7C9B7AFC5}.MinSizeRel|x64.ActiveCfg = MinSizeRel|x64
		{28F4CFD8-92B3-3E10-954C-45F7C9B7AFC5}.RelWithDebInfo|x64.ActiveCfg = RelWithDebInfo|x64
		{AAD07D42-7BEF-364E-A642-1182DDF22A69}.Debug|x64.ActiveCfg = Debug|x64
		{AAD07D42-7BEF-364E-A642-1182DDF22A69}.Debug|x64.Build.0 = Debug|x64
		{AAD07D42-7BEF-364E-A642-1182DDF22A69}.Release|x64.ActiveCfg = Release|x64
		{AAD07D42-7BEF-364E-A642-1182DDF22A69}.Release|x64.Build.0 = Release|x64
		{AAD07D42-7BEF-364E-A642-1182DDF22A69}.MinSizeRel|x64.ActiveCfg = MinSizeRel|x64
		{AAD07D42-7BEF-364E-A642-1182DDF22A69}.MinSizeRel|x64.Build.0 = MinSizeRel|x64
		{AAD07D42-7BEF-364E-A642-1182DDF22A69}.RelWithDebInfo|x64.ActiveCfg = RelWithDebInfo|x64
		{AAD07D42-7BEF-364E-A642-1182DDF22A69}.RelWithDebInfo|x64.Build.0 = RelWithDebInfo|x64
		{839AE8F2-222F-336B-8F94-FFEBA21E850D}.Debug|x64.ActiveCfg = Debug|x64
		{839AE8F2-222F-336B-8F94-FFEBA21E850D}.Debug|x64.Build.0 = Debug|x64
		{839AE8F2-222F-336B-8F94-FFEBA21E850D}.Release|x64.ActiveCfg = Release|x64
		{839AE8F2-222F-336B-8F94-FFEBA21E850D}.Release|x64.Build.0 = Release|x64
		{839AE8F2-222F-336B-8F94-FFEBA21E850D}.MinSizeRel|x64.ActiveCfg = MinSizeRel|x64
		{839AE8F2-222F-336B-8F94-FFEBA21E850D}.MinSizeRel|x64.Build.0 = MinSizeRel|x64
		{839AE8F2-222F-336B-8F94-FFEBA21E850D}.RelWithDebInfo|x64.ActiveCfg = RelWithDebInfo|x64
		{839AE8F2-222F-336B-8F94-FFEBA21E850D}.RelWithDebInfo|x64.Build.0 = RelWithDebInfo|x64
		{E11C36CA-F0F7-3787-ADC9-025EA5D0528D}.Debug|x64.ActiveCfg = Debug|x64
		{E11C36CA-F0F7-3787-ADC9-025EA5D0528D}.Debug|x64.Build.0 = Debug|x64
		{E11C36CA-F0F7-3787-ADC9-025EA5D0528D}.Release|x64.ActiveCfg = Release|x64
		{E11C36CA-F0F7-3787-ADC9-025EA5D0528D}.Release|x64.Build.0 = Release|x64
		{E11C36CA-F0F7-3787-ADC9-025EA5D0528D}.MinSizeRel|x64.ActiveCfg = MinSizeRel|x64
		{E11C36CA-F0F7-3787-ADC9-025EA5D0528D}.MinSizeRel|x64.Build.0 = MinSizeRel|x64
		{E11C36CA-F0F7-3787-ADC9-025EA5D0528D}.RelWithDebInfo|x64.ActiveCfg = RelWithDebInfo|x64
		{E11C36CA-F0F7-3787-ADC9-025EA5D0528D}.RelWithDebInfo|x64.Build.0 = RelWithDebInfo|x64
		{E0466831-548A-35E2-8A7C-D47DB23A49F9}.Debug|x64.ActiveCfg = Debug|x64
		{E0466831-548A-35E2-8A7C-D47DB23A49F9}.Debug|x64.Build.0 = Debug|x64
		{E0466831-548A-35E2-8A7C-D47DB23A49F9}.Release|x64.ActiveCfg = Release|x64
		{E0466831-548A-35E2-8A7C-D47DB23A49F9}.Release|x64.Build.0 = Release|x64
		{E0466831-548A-35E2-8A7C-D47DB23A49F9}.MinSizeRel|x64.ActiveCfg = MinSizeRel|x64
		{E0466831-548A-35E2-8A7C-D47DB23A49F9}.MinSizeRel|x64.Build.0 = MinSizeRel|x64
		{E0466831-548A-35E2-8A7C-D47DB23A49F9}.RelWithDebInfo|x64.ActiveCfg = RelWithDebInfo|x64
		{E0466831-548A-35E2-8A7C-D47DB23A49F9}.RelWithDebInfo|x64.Build.0 = RelWithDebInfo|x64
		{72C8719D-6705-35E6-8FDF-9447B9F6F960}.Debug|x64.ActiveCfg = Debug|x64
		{72C8719D-6705-35E6-8FDF-9447B9F6F960}.Debug|x64.Build.0 = Debug|x64
		{72C8719D-6705-35E6-8FDF-9447B9F6F960}.Release|x64.ActiveCfg = Release|x64
		{72C8719D-6705-35E6-8FDF-9447B9F6F960}.Release|x64.Build.0 = Release|x64
		{72C8719D-6705-35E6-8FDF-9447B9F6F960}.MinSizeRel|x64.ActiveCfg = MinSizeRel|x64
		{72C8719D-6705-35E6-8FDF-9447B9F6F960}.MinSizeRel|x64.Build.0 = MinSizeRel|x64
		{72C8719D-6705-35E6-8FDF-9447B9F6F960}.RelWithDebInfo|x64.ActiveCfg = RelWithDebInfo|x64
		{72C8719D-6705-35E6-8FDF-9447B9F6F960}.RelWithDebInfo|x64.Build.0 = RelWithDebInfo|x64
		{97B50FBE-8E72-3ACD-959E-81BC228CF1B1}.Debug|x64.ActiveCfg = Debug|x64
		{97B50FBE-8E72-3ACD-959E-81BC228CF1B1}.Debug|x64.Build.0 = Debug|x64
		{97B50FBE-8E72-3ACD-959E-81BC228CF1B1}.Release|x64.ActiveCfg = Release|x64
		{97B50FBE-8E72-3ACD-959E-81BC228CF1B1}.Release|x64.Build.0 = Release|x64
		{97B50FBE-8E72-3ACD-959E-81BC228CF1B1}.MinSizeRel|x64.ActiveCfg = MinSizeRel|x64
		{97B50FBE-8E72-3ACD-959E-81BC228CF1B1}.MinSizeRel|x64.Build.0 = MinSizeRel|x64
		{97B50FBE-8E72-3ACD-959E-81BC228CF1B1}.RelWithDebInfo|x64.ActiveCfg = RelWithDebInfo|x64
		{97B50FBE-8E72-3ACD-959E-81BC228CF1B1}.RelWithDebInfo|x64.Build.0 = RelWithDebInfo|x64
		{C9A838DE-6029-3A76-874F-CEF2DD7E94C8}.Debug|x64.ActiveCfg = Debug|x64
		{C9A838DE-6029-3A76-874F-CEF2DD7E94C8}.Debug|x64.Build.0 = Debug|x64
		{C9A838DE-6029-3A76-874F-CEF2DD7E94C8}.Release|x64.ActiveCfg = Release|x64
		{C9A838DE-6029-3A76-874F-CEF2DD7E94C8}.Release|x64.Build.0 = Release|x64
		{C9A838DE-6029-3A76-874F-CEF2DD7E94C8}.MinSizeRel|x64.ActiveCfg = MinSizeRel|x64
		{C9A838DE-6029-3A76-874F-CEF2DD7E94C8}.MinSizeRel|x64.Build.0 = MinSizeRel|x64
		{C9A838DE-6029-3A76-874F-CEF2DD7E94C8}.RelWithDebInfo|x64.ActiveCfg = RelWithDebInfo|x64
		{C9A838DE-6029-3A76-874F-CEF2DD7E94C8}.RelWithDebInfo|x64.Build.0 = RelWithDebInfo|x64
		{D7BD0D1E-E59F-36A5-A2B5-EF39B8217A5D}.Debug|x64.ActiveCfg = Debug|x64
		{D7BD0D1E-E59F-36A5-A2B5-EF39B8217A5D}.Debug|x64.Build.0 = Debug|x64
		{D7BD0D1E-E59F-36A5-A2B5-EF39B8217A5D}.Release|x64.ActiveCfg = Release|x64
		{D7BD0D1E-E59F-36A5-A2B5-EF39B8217A5D}.Release|x64.Build.0 = Release|x64
		{D7BD0D1E-E59F-36A5-A2B5-EF39B8217A5D}.MinSizeRel|x64.ActiveCfg = MinSizeRel|x64
		{D7BD0D1E-E59F-36A5-A2B5-EF39B8217A5D}.MinSizeRel|x64.Build.0 = MinSizeRel|x64
		{D7BD0D1E-E59F-36A5-A2B5-EF39B8217A5D}.RelWithDebInfo|x64.ActiveCfg = RelWithDebInfo|x64
		{D7BD0D1E-E59F-36A5-A2B5-EF39B8217A5D}.RelWithDebInfo|x64.Build.0 = RelWithDebInfo|x64
		{5A2C8872-AFF1-3BCF-B90F-DFF8C838EFC7}.Debug|x64.ActiveCfg = Debug|x64
		{5A2C8872-AFF1-3BCF-B90F-DFF8C838EFC7}.Debug|x64.Build.0 = Debug|x64
		{5A2C8872-AFF1-3BCF-B90F-DFF8C838EFC7}.Release|x64.ActiveCfg = Release|x64
		{5A2C8872-AFF1-3BCF-B90F-DFF8C838EFC7}.Release|x64.Build.0 = Release|x64
		{5A2C8872-AFF1-3BCF-B90F-DFF8C838EFC7}.MinSizeRel|x64.ActiveCfg = MinSizeRel|x64
		{5A2C8872-AFF1-3BCF-B90F-DFF8C838EFC7}.MinSizeRel|x64.Build.0 = MinSizeRel|x64
		{5A2C8872-AFF1-3BCF-B90F-DFF8C838EFC7}.RelWithDebInfo|x64.ActiveCfg = RelWithDebInfo|x64
		{5A2C8872-AFF1-3BCF-B90F-DFF8C838EFC7}.RelWithDebInfo|x64.Build.0 = RelWithDebInfo|x64
		{2630DE4C-ADC8-3436-A509-297A44AF2629}.Debug|x64.ActiveCfg = Debug|x64
		{2630DE4C-ADC8-3436-A509-297A44AF2629}.Debug|x64.Build.0 = Debug|x64
		{2630DE4C-ADC8-3436-A509-297A44AF2629}.Release|x64.ActiveCfg = Release|x64
		{2630DE4C-ADC8-3436-A509-297A44AF2629}.Release|x64.Build.0 = Release|x64
		{2630DE4C-ADC8-3436-A509-297A44AF2629}.MinSizeRel|x64.ActiveCfg = MinSizeRel|x64
		{2630DE4C-ADC8-3436-A509-297A44AF2629}.MinSizeRel|x64.Build.0 = MinSizeRel|x64
		{2630DE4C-ADC8-3436-A509-297A44AF2629}.RelWithDebInfo|x64.ActiveCfg = RelWithDebInfo|x64
		{2630DE4C-ADC8-3436-A509-297A44AF2629}.RelWithDebInfo|x64.Build.0 = RelWithDebInfo|x64
		{3A13666C-163C-3B29-ADE3-019EA0CE7A47}.Debug|x64.ActiveCfg = Debug|x64
		{3A13666C-163C-3B29-ADE3-019EA0CE7A47}.Debug|x64.Build.0 = Debug|x64
		{3A13666C-163C-3B29-ADE3-019EA0CE7A47}.Release|x64.ActiveCfg = Release|x64
		{3A13666C-163C-3B29-ADE3-019EA0CE7A47}.Release|x64.Build.0 = Release|x64
		{3A13666C-163C-3B29-ADE3-019EA0CE7A47}.MinSizeRel|x64.ActiveCfg = MinSizeRel|x64
		{3A13666C-163C-3B29-ADE3-019EA0CE7A47}.MinSizeRel|x64.Build.0 = MinSizeRel|x64
		{3A13666C-163C-3B29-ADE3-019EA0CE7A47}.RelWithDebInfo|x64.ActiveCfg = RelWithDebInfo|x64
		{3A13666C-163C-3B29-ADE3-019EA0CE7A47}.RelWithDebInfo|x64.Build.0 = RelWithDebInfo|x64
		{D5CF4794-9307-3DAB-A794-D8C1421C10A0}.Debug|x64.ActiveCfg = Debug|x64
		{D5CF4794-9307-3DAB-A794-D8C1421C10A0}.Debug|x64.Build.0 = Debug|x64
		{D5CF4794-9307-3DAB-A794-D8C1421C10A0}.Release|x64.ActiveCfg = Release|x64
		{D5CF4794-9307-3DAB-A794-D8C1421C10A0}.Release|x64.Build.0 = Release|x64
		{D5CF4794-9307-3DAB-A794-D8C1421C10A0}.MinSizeRel|x64.ActiveCfg = MinSizeRel|x64
		{D5CF4794-9307-3DAB-A794-D8C1421C10A0}.MinSizeRel|x64.Build.0 = MinSizeRel|x64
		{D5CF4794-9307-3DAB-A794-D8C1421C10A0}.RelWithDebInfo|x64.ActiveCfg = RelWithDebInfo|x64
		{D5CF4794-9307-3DAB-A794-D8C1421C10A0}.RelWithDebInfo|x64.Build.0 = RelWithDebInfo|x64
		{6C25CB9F-C734-3990-BA2C-F9D4E353732D}.Debug|x64.ActiveCfg = Debug|x64
		{6C25CB9F-C734-3990-BA2C-F9D4E353732D}.Debug|x64.Build.0 = Debug|x64
		{6C25CB9F-C734-3990-BA2C-F9D4E353732D}.Release|x64.ActiveCfg = Release|x64
		{6C25CB9F-C734-3990-BA2C-F9D4E353732D}.Release|x64.Build.0 = Release|x64
		{6C25CB9F-C734-3990-BA2C-F9D4E353732D}.MinSizeRel|x64.ActiveCfg = MinSizeRel|x64
		{6C25CB9F-C734-3990-BA2C-F9D4E353732D}.MinSizeRel|x64.Build.0 = MinSizeRel|x64
		{6C25CB9F-C734-3990-BA2C-F9D4E353732D}.RelWithDebInfo|x64.ActiveCfg = RelWithDebInfo|x64
		{6C25CB9F-C734-3990-BA2C-F9D4E353732D}.RelWithDebInfo|x64.Build.0 = RelWithDebInfo|x64
	EndGlobalSection
	GlobalSection(ExtensibilityGlobals) = postSolution
		SolutionGuid = {F938159A-A018-3D84-BF24-583635C0850E}
	EndGlobalSection
	GlobalSection(ExtensibilityAddIns) = postSolution
	EndGlobalSection
EndGlobal
