
Microsoft Visual Studio Solution File, Format Version 12.00
# Visual Studio Version 16
Project("{8BC9CEB8-8B4A-11D0-8D11-00A0C91BC942}") = "ALL_BUILD", "ALL_BUILD.vcxproj", "{28F4CFD8-92B3-3E10-954C-45F7C9B7AFC5}"
	ProjectSection(ProjectDependencies) = postProject
		{AAD07D42-7BEF-364E-A642-1182DDF22A69} = {AAD07D42-7BEF-364E-A642-1182DDF22A69}
		{B2E35C4A-9193-3CEF-82D6-EC3024D938F9} = {B2E35C4A-9193-3CEF-82D6-EC3024D938F9}
		{F1C75ACC-091E-3B45-A820-52B97327D3B4} = {F1C75ACC-091E-3B45-A820-52B97327D3B4}
		{0350A9F7-183D-3E5E-9E1F-1A3C4886CCE8} = {0350A9F7-183D-3E5E-9E1F-1A3C4886CCE8}
		{E113D73C-C2A7-367B-96E9-F1B7A177D222} = {E113D73C-C2A7-367B-96E9-F1B7A177D222}
		{890C4AEC-F8F2-3F54-A9C9-A10D33F5F0FF} = {890C4AEC-F8F2-3F54-A9C9-A10D33F5F0FF}
		{D5C57203-B6C0-329D-925D-637A94259129} = {D5C57203-B6C0-329D-925D-637A94259129}
		{D9A074E0-D084-3CC9-8149-ABCB073D0C3A} = {D9A074E0-D084-3CC9-8149-ABCB073D0C3A}
		{F1CE9053-0F74-3892-9BA3-C0FE0AA0941B} = {F1CE9053-0F74-3892-9BA3-C0FE0AA0941B}
		{5BB9DE2A-E391-3306-8B46-ECBB07A9E58B} = {5BB9DE2A-E391-3306-8B46-ECBB07A9E58B}
		{AEF6250F-F206-3B49-93D2-3ED72B26E50E} = {AEF6250F-F206-3B49-93D2-3ED72B26E50E}
		{7D2E21C5-46FD-3220-8329-FB09C5E656DC} = {7D2E21C5-46FD-3220-8329-FB09C5E656DC}
		{9FC8C613-0688-3A0A-AE86-7E6098B4F5EF} = {9FC8C613-0688-3A0A-AE86-7E6098B4F5EF}
		{1F0082F5-3FC5-3902-8CF2-C50D8F4FB87E} = {1F0082F5-3FC5-3902-8CF2-C50D8F4FB87E}
		{D545CAD3-9ADB-3B3F-924E-548B77C505A6} = {D545CAD3-9ADB-3B3F-924E-548B77C505A6}
		{612EBD96-F068-346A-84D8-9A9A7DF13EF2} = {612EBD96-F068-346A-84D8-9A9A7DF13EF2}
		{EBD7A94C-6F1F-3A43-A9DE-8852B14C6874} = {EBD7A94C-6F1F-3A43-A9DE-8852B14C6874}
		{E567B392-6FBB-399D-AED3-82E529A72432} = {E567B392-6FBB-399D-AED3-82E529A72432}
		{A6B0C6E7-60B4-3224-A2EC-0EF7B6842A31} = {A6B0C6E7-60B4-3224-A2EC-0EF7B6842A31}
		{99611E6F-7D78-3725-95C0-C967B59D379C} = {99611E6F-7D78-3725-95C0-C967B59D379C}
		{1EC518B6-9BA3-3EFB-AA34-9DC95AE17A8C} = {1EC518B6-9BA3-3EFB-AA34-9DC95AE17A8C}
		{2D9BCAD5-6BA6-3028-B333-7CDEA84D63B4} = {2D9BCAD5-6BA6-3028-B333-7CDEA84D63B4}
		{FCB85F1D-F1CD-3ABE-8F44-851CC106FAF5} = {FCB85F1D-F1CD-3ABE-8F44-851CC106FAF5}
		{16EDBD46-CD65-3EEE-822E-703E67713A76} = {16EDBD46-CD65-3EEE-822E-703E67713A76}
		{DF8E7D08-2B80-39C0-8D81-63BD1C3A1731} = {DF8E7D08-2B80-39C0-8D81-63BD1C3A1731}
		{81B47E15-3CA9-305F-A528-7CF5A4F39794} = {81B47E15-3CA9-305F-A528-7CF5A4F39794}
		{DBBADD3C-2B4A-3F59-AB5E-992915034E45} = {DBBADD3C-2B4A-3F59-AB5E-992915034E45}
		{E032F9C2-8BB2-37AC-9B26-14B85FAC4976} = {E032F9C2-8BB2-37AC-9B26-14B85FAC4976}
		{D57DD231-8B6E-3239-BF49-BFB5CF79938F} = {D57DD231-8B6E-3239-BF49-BFB5CF79938F}
		{33DEC6B4-49AB-3513-A792-F82A992F23EB} = {33DEC6B4-49AB-3513-A792-F82A992F23EB}
		{AE03FF90-2BB7-313E-9260-3C2103DB0ED0} = {AE03FF90-2BB7-313E-9260-3C2103DB0ED0}
		{730C64E2-8C79-321E-B9A9-359A8A74EFA0} = {730C64E2-8C79-321E-B9A9-359A8A74EFA0}
		{CE61A351-8111-3529-92DC-4754BA6631A7} = {CE61A351-8111-3529-92DC-4754BA6631A7}
		{5BE99453-D82D-3B47-B02D-57F1F4662890} = {5BE99453-D82D-3B47-B02D-57F1F4662890}
		{A8EEB37A-D1C3-33E8-9BD8-DABDC46AD3BA} = {A8EEB37A-D1C3-33E8-9BD8-DABDC46AD3BA}
		{BFF86536-7177-3834-88D5-63228DCE8F2D} = {BFF86536-7177-3834-88D5-63228DCE8F2D}
		{95234E79-AFE4-3FB5-A785-4E0F37FF107F} = {95234E79-AFE4-3FB5-A785-4E0F37FF107F}
		{BDCDC859-1896-3F15-9174-4B7A3B8E9654} = {BDCDC859-1896-3F15-9174-4B7A3B8E9654}
		{18F562FA-D895-34BD-929F-53DB415AA144} = {18F562FA-D895-34BD-929F-53DB415AA144}
		{C9DA4A48-C050-336D-9CFF-0941D93439F6} = {C9DA4A48-C050-336D-9CFF-0941D93439F6}
		{790AEB05-6461-357C-A3BB-A34538DE3A47} = {790AEB05-6461-357C-A3BB-A34538DE3A47}
		{5A0F59FA-46CE-3787-B272-28BAAE74FCBD} = {5A0F59FA-46CE-3787-B272-28BAAE74FCBD}
		{543B1471-6A81-383A-A35B-FEF7F933DA89} = {543B1471-6A81-383A-A35B-FEF7F933DA89}
	EndProjectSection
EndProject
Project("{8BC9CEB8-8B4A-11D0-8D11-00A0C91BC942}") = "ZERO_CHECK", "..\\ZERO_CHECK.vcxproj", "{AAD07D42-7BEF-364E-A642-1182DDF22A69}"
	ProjectSection(ProjectDependencies) = postProject
	EndProjectSection
EndProject
Project("{8BC9CEB8-8B4A-11D0-8D11-00A0C91BC942}") = "bagging_cpu", "..\machine_learning\bagging_cpu.vcxproj", "{B2E35C4A-9193-3CEF-82D6-EC3024D938F9}"
	ProjectSection(ProjectDependencies) = postProject
		{AAD07D42-7BEF-364E-A642-1182DDF22A69} = {AAD07D42-7BEF-364E-A642-1182DDF22A69}
	EndProjectSection
EndProject
Project("{8BC9CEB8-8B4A-11D0-8D11-00A0C91BC942}") = "bagging_cuda", "..\machine_learning\bagging_cuda.vcxproj", "{F1C75ACC-091E-3B45-A820-52B97327D3B4}"
	ProjectSection(ProjectDependencies) = postProject
		{AAD07D42-7BEF-364E-A642-1182DDF22A69} = {AAD07D42-7BEF-364E-A642-1182DDF22A69}
	EndProjectSection
EndProject
Project("{8BC9CEB8-8B4A-11D0-8D11-00A0C91BC942}") = "bagging_opencl", "..\machine_learning\bagging_opencl.vcxproj", "{0350A9F7-183D-3E5E-9E1F-1A3C4886CCE8}"
	ProjectSection(ProjectDependencies) = postProject
		{AAD07D42-7BEF-364E-A642-1182DDF22A69} = {AAD07D42-7BEF-364E-A642-1182DDF22A69}
	EndProjectSection
EndProject
Project("{8BC9CEB8-8B4A-11D0-8D11-00A0C91BC942}") = "cholesky_cpu", "cholesky_cpu.vcxproj", "{E113D73C-C2A7-367B-96E9-F1B7A177D222}"
	ProjectSection(ProjectDependencies) = postProject
		{AAD07D42-7BEF-364E-A642-1182DDF22A69} = {AAD07D42-7BEF-364E-A642-1182DDF22A69}
	EndProjectSection
EndProject
Project("{8BC9CEB8-8B4A-11D0-8D11-00A0C91BC942}") = "cholesky_cuda", "cholesky_cuda.vcxproj", "{890C4AEC-F8F2-3F54-A9C9-A10D33F5F0FF}"
	ProjectSection(ProjectDependencies) = postProject
		{AAD07D42-7BEF-364E-A642-1182DDF22A69} = {AAD07D42-7BEF-364E-A642-1182DDF22A69}
	EndProjectSection
EndProject
Project("{8BC9CEB8-8B4A-11D0-8D11-00A0C91BC942}") = "cholesky_opencl", "cholesky_opencl.vcxproj", "{D5C57203-B6C0-329D-925D-637A94259129}"
	ProjectSection(ProjectDependencies) = postProject
		{AAD07D42-7BEF-364E-A642-1182DDF22A69} = {AAD07D42-7BEF-364E-A642-1182DDF22A69}
	EndProjectSection
EndProject
Project("{8BC9CEB8-8B4A-11D0-8D11-00A0C91BC942}") = "deep_belief_net_cpu", "..\machine_learning\deep_belief_net_cpu.vcxproj", "{D9A074E0-D084-3CC9-8149-ABCB073D0C3A}"
	ProjectSection(ProjectDependencies) = postProject
		{AAD07D42-7BEF-364E-A642-1182DDF22A69} = {AAD07D42-7BEF-364E-A642-1182DDF22A69}
	EndProjectSection
EndProject
Project("{8BC9CEB8-8B4A-11D0-8D11-00A0C91BC942}") = "deep_belief_net_cuda", "..\machine_learning\deep_belief_net_cuda.vcxproj", "{F1CE9053-0F74-3892-9BA3-C0FE0AA0941B}"
	ProjectSection(ProjectDependencies) = postProject
		{AAD07D42-7BEF-364E-A642-1182DDF22A69} = {AAD07D42-7BEF-364E-A642-1182DDF22A69}
	EndProjectSection
EndProject
Project("{8BC9CEB8-8B4A-11D0-8D11-00A0C91BC942}") = "deep_belief_net_opencl", "..\machine_learning\deep_belief_net_opencl.vcxproj", "{5BB9DE2A-E391-3306-8B46-ECBB07A9E58B}"
	ProjectSection(ProjectDependencies) = postProject
		{AAD07D42-7BEF-364E-A642-1182DDF22A69} = {AAD07D42-7BEF-364E-A642-1182DDF22A69}
	EndProjectSection
EndProject
Project("{8BC9CEB8-8B4A-11D0-8D11-00A0C91BC942}") = "geneticalgorithm_cpu", "..\machine_learning\geneticalgorithm_cpu.vcxproj", "{AEF6250F-F206-3B49-93D2-3ED72B26E50E}"
	ProjectSection(ProjectDependencies) = postProject
		{AAD07D42-7BEF-364E-A642-1182DDF22A69} = {AAD07D42-7BEF-364E-A642-1182DDF22A69}
	EndProjectSection
EndProject
Project("{8BC9CEB8-8B4A-11D0-8D11-00A0C91BC942}") = "geneticalgorithm_cuda", "..\machine_learning\geneticalgorithm_cuda.vcxproj", "{7D2E21C5-46FD-3220-8329-FB09C5E656DC}"
	ProjectSection(ProjectDependencies) = postProject
		{AAD07D42-7BEF-364E-A642-1182DDF22A69} = {AAD07D42-7BEF-364E-A642-1182DDF22A69}
	EndProjectSection
EndProject
Project("{8BC9CEB8-8B4A-11D0-8D11-00A0C91BC942}") = "geneticalgorithm_opencl", "..\machine_learning\geneticalgorithm_opencl.vcxproj", "{9FC8C613-0688-3A0A-AE86-7E6098B4F5EF}"
	ProjectSection(ProjectDependencies) = postProject
		{AAD07D42-7BEF-364E-A642-1182DDF22A69} = {AAD07D42-7BEF-364E-A642-1182DDF22A69}
	EndProjectSection
EndProject
Project("{8BC9CEB8-8B4A-11D0-8D11-00A0C91BC942}") = "kmeans_cpu", "..\machine_learning\kmeans_cpu.vcxproj", "{1F0082F5-3FC5-3902-8CF2-C50D8F4FB87E}"
	ProjectSection(ProjectDependencies) = postProject
		{AAD07D42-7BEF-364E-A642-1182DDF22A69} = {AAD07D42-7BEF-364E-A642-1182DDF22A69}
	EndProjectSection
EndProject
Project("{8BC9CEB8-8B4A-11D0-8D11-00A0C91BC942}") = "kmeans_cuda", "..\machine_learning\kmeans_cuda.vcxproj", "{D545CAD3-9ADB-3B3F-924E-548B77C505A6}"
	ProjectSection(ProjectDependencies) = postProject
		{AAD07D42-7BEF-364E-A642-1182DDF22A69} = {AAD07D42-7BEF-364E-A642-1182DDF22A69}
	EndProjectSection
EndProject
Project("{8BC9CEB8-8B4A-11D0-8D11-00A0C91BC942}") = "kmeans_opencl", "..\machine_learning\kmeans_opencl.vcxproj", "{612EBD96-F068-346A-84D8-9A9A7DF13EF2}"
	ProjectSection(ProjectDependencies) = postProject
		{AAD07D42-7BEF-364E-A642-1182DDF22A69} = {AAD07D42-7BEF-364E-A642-1182DDF22A69}
	EndProjectSection
EndProject
Project("{8BC9CEB8-8B4A-11D0-8D11-00A0C91BC942}") = "logistic_regression_cpu", "..\machine_learning\logistic_regression_cpu.vcxproj", "{EBD7A94C-6F1F-3A43-A9DE-8852B14C6874}"
	ProjectSection(ProjectDependencies) = postProject
		{AAD07D42-7BEF-364E-A642-1182DDF22A69} = {AAD07D42-7BEF-364E-A642-1182DDF22A69}
	EndProjectSection
EndProject
Project("{8BC9CEB8-8B4A-11D0-8D11-00A0C91BC942}") = "logistic_regression_cuda", "..\machine_learning\logistic_regression_cuda.vcxproj", "{E567B392-6FBB-399D-AED3-82E529A72432}"
	ProjectSection(ProjectDependencies) = postProject
		{AAD07D42-7BEF-364E-A642-1182DDF22A69} = {AAD07D42-7BEF-364E-A642-1182DDF22A69}
	EndProjectSection
EndProject
Project("{8BC9CEB8-8B4A-11D0-8D11-00A0C91BC942}") = "logistic_regression_opencl", "..\machine_learning\logistic_regression_opencl.vcxproj", "{A6B0C6E7-60B4-3224-A2EC-0EF7B6842A31}"
	ProjectSection(ProjectDependencies) = postProject
		{AAD07D42-7BEF-364E-A642-1182DDF22A69} = {AAD07D42-7BEF-364E-A642-1182DDF22A69}
	EndProjectSection
EndProject
Project("{8BC9CEB8-8B4A-11D0-8D11-00A0C91BC942}") = "lu_cpu", "lu_cpu.vcxproj", "{99611E6F-7D78-3725-95C0-C967B59D379C}"
	ProjectSection(ProjectDependencies) = postProject
		{AAD07D42-7BEF-364E-A642-1182DDF22A69} = {AAD07D42-7BEF-364E-A642-1182DDF22A69}
	EndProjectSection
EndProject
Project("{8BC9CEB8-8B4A-11D0-8D11-00A0C91BC942}") = "lu_cuda", "lu_cuda.vcxproj", "{1EC518B6-9BA3-3EFB-AA34-9DC95AE17A8C}"
	ProjectSection(ProjectDependencies) = postProject
		{AAD07D42-7BEF-364E-A642-1182DDF22A69} = {AAD07D42-7BEF-364E-A642-1182DDF22A69}
	EndProjectSection
EndProject
Project("{8BC9CEB8-8B4A-11D0-8D11-00A0C91BC942}") = "lu_opencl", "lu_opencl.vcxproj", "{2D9BCAD5-6BA6-3028-B333-7CDEA84D63B4}"
	ProjectSection(ProjectDependencies) = postProject
		{AAD07D42-7BEF-364E-A642-1182DDF22A69} = {AAD07D42-7BEF-364E-A642-1182DDF22A69}
	EndProjectSection
EndProject
Project("{8BC9CEB8-8B4A-11D0-8D11-00A0C91BC942}") = "naive_bayes_cpu", "..\machine_learning\naive_bayes_cpu.vcxproj", "{FCB85F1D-F1CD-3ABE-8F44-851CC106FAF5}"
	ProjectSection(ProjectDependencies) = postProject
		{AAD07D42-7BEF-364E-A642-1182DDF22A69} = {AAD07D42-7BEF-364E-A642-1182DDF22A69}
	EndProjectSection
EndProject
Project("{8BC9CEB8-8B4A-11D0-8D11-00A0C91BC942}") = "naive_bayes_cuda", "..\machine_learning\naive_bayes_cuda.vcxproj", "{16EDBD46-CD65-3EEE-822E-703E67713A76}"
	ProjectSection(ProjectDependencies) = postProject
		{AAD07D42-7BEF-364E-A642-1182DDF22A69} = {AAD07D42-7BEF-364E-A642-1182DDF22A69}
	EndProjectSection
EndProject
Project("{8BC9CEB8-8B4A-11D0-8D11-00A0C91BC942}") = "naive_bayes_opencl", "..\machine_learning\naive_bayes_opencl.vcxproj", "{DF8E7D08-2B80-39C0-8D81-63BD1C3A1731}"
	ProjectSection(ProjectDependencies) = postProject
		{AAD07D42-7BEF-364E-A642-1182DDF22A69} = {AAD07D42-7BEF-364E-A642-1182DDF22A69}
	EndProjectSection
EndProject
Project("{8BC9CEB8-8B4A-11D0-8D11-00A0C91BC942}") = "neural_network_cpu", "..\machine_learning\neural_network_cpu.vcxproj", "{81B47E15-3CA9-305F-A528-7CF5A4F39794}"
	ProjectSection(ProjectDependencies) = postProject
		{AAD07D42-7BEF-364E-A642-1182DDF22A69} = {AAD07D42-7BEF-364E-A642-1182DDF22A69}
	EndProjectSection
EndProject
Project("{8BC9CEB8-8B4A-11D0-8D11-00A0C91BC942}") = "neural_network_cuda", "..\machine_learning\neural_network_cuda.vcxproj", "{DBBADD3C-2B4A-3F59-AB5E-992915034E45}"
	ProjectSection(ProjectDependencies) = postProject
		{AAD07D42-7BEF-364E-A642-1182DDF22A69} = {AAD07D42-7BEF-364E-A642-1182DDF22A69}
	EndProjectSection
EndProject
Project("{8BC9CEB8-8B4A-11D0-8D11-00A0C91BC942}") = "neural_network_opencl", "..\machine_learning\neural_network_opencl.vcxproj", "{E032F9C2-8BB2-37AC-9B26-14B85FAC4976}"
	ProjectSection(ProjectDependencies) = postProject
		{AAD07D42-7BEF-364E-A642-1182DDF22A69} = {AAD07D42-7BEF-364E-A642-1182DDF22A69}
	EndProjectSection
EndProject
Project("{8BC9CEB8-8B4A-11D0-8D11-00A0C91BC942}") = "perceptron_cpu", "..\machine_learning\perceptron_cpu.vcxproj", "{D57DD231-8B6E-3239-BF49-BFB5CF79938F}"
	ProjectSection(ProjectDependencies) = postProject
		{AAD07D42-7BEF-364E-A642-1182DDF22A69} = {AAD07D42-7BEF-364E-A642-1182DDF22A69}
	EndProjectSection
EndProject
Project("{8BC9CEB8-8B4A-11D0-8D11-00A0C91BC942}") = "perceptron_cuda", "..\machine_learning\perceptron_cuda.vcxproj", "{33DEC6B4-49AB-3513-A792-F82A992F23EB}"
	ProjectSection(ProjectDependencies) = postProject
		{AAD07D42-7BEF-364E-A642-1182DDF22A69} = {AAD07D42-7BEF-364E-A642-1182DDF22A69}
	EndProjectSection
EndProject
Project("{8BC9CEB8-8B4A-11D0-8D11-00A0C91BC942}") = "perceptron_opencl", "..\machine_learning\perceptron_opencl.vcxproj", "{AE03FF90-2BB7-313E-9260-3C2103DB0ED0}"
	ProjectSection(ProjectDependencies) = postProject
		{AAD07D42-7BEF-364E-A642-1182DDF22A69} = {AAD07D42-7BEF-364E-A642-1182DDF22A69}
	EndProjectSection
EndProject
Project("{8BC9CEB8-8B4A-11D0-8D11-00A0C91BC942}") = "qr_cpu", "qr_cpu.vcxproj", "{730C64E2-8C79-321E-B9A9-359A8A74EFA0}"
	ProjectSection(ProjectDependencies) = postProject
		{AAD07D42-7BEF-364E-A642-1182DDF22A69} = {AAD07D42-7BEF-364E-A642-1182DDF22A69}
	EndProjectSection
EndProject
Project("{8BC9CEB8-8B4A-11D0-8D11-00A0C91BC942}") = "qr_cuda", "qr_cuda.vcxproj", "{CE61A351-8111-3529-92DC-4754BA6631A7}"
	ProjectSection(ProjectDependencies) = postProject
		{AAD07D42-7BEF-364E-A642-1182DDF22A69} = {AAD07D42-7BEF-364E-A642-1182DDF22A69}
	EndProjectSection
EndProject
Project("{8BC9CEB8-8B4A-11D0-8D11-00A0C91BC942}") = "qr_opencl", "qr_opencl.vcxproj", "{5BE99453-D82D-3B47-B02D-57F1F4662890}"
	ProjectSection(ProjectDependencies) = postProject
		{AAD07D42-7BEF-364E-A642-1182DDF22A69} = {AAD07D42-7BEF-364E-A642-1182DDF22A69}
	EndProjectSection
EndProject
Project("{8BC9CEB8-8B4A-11D0-8D11-00A0C91BC942}") = "rbm_cpu", "..\machine_learning\rbm_cpu.vcxproj", "{A8EEB37A-D1C3-33E8-9BD8-DABDC46AD3BA}"
	ProjectSection(ProjectDependencies) = postProject
		{AAD07D42-7BEF-364E-A642-1182DDF22A69} = {AAD07D42-7BEF-364E-A642-1182DDF22A69}
	EndProjectSection
EndProject
Project("{8BC9CEB8-8B4A-11D0-8D11-00A0C91BC942}") = "rbm_cuda", "..\machine_learning\rbm_cuda.vcxproj", "{BFF86536-7177-3834-88D5-63228DCE8F2D}"
	ProjectSection(ProjectDependencies) = postProject
		{AAD07D42-7BEF-364E-A642-1182DDF22A69} = {AAD07D42-7BEF-364E-A642-1182DDF22A69}
	EndProjectSection
EndProject
Project("{8BC9CEB8-8B4A-11D0-8D11-00A0C91BC942}") = "rbm_opencl", "..\machine_learning\rbm_opencl.vcxproj", "{95234E79-AFE4-3FB5-A785-4E0F37FF107F}"
	ProjectSection(ProjectDependencies) = postProject
		{AAD07D42-7BEF-364E-A642-1182DDF22A69} = {AAD07D42-7BEF-364E-A642-1182DDF22A69}
	EndProjectSection
EndProject
Project("{8BC9CEB8-8B4A-11D0-8D11-00A0C91BC942}") = "softmax_regression_cpu", "..\machine_learning\softmax_regression_cpu.vcxproj", "{BDCDC859-1896-3F15-9174-4B7A3B8E9654}"
	ProjectSection(ProjectDependencies) = postProject
		{AAD07D42-7BEF-364E-A642-1182DDF22A69} = {AAD07D42-7BEF-364E-A642-1182DDF22A69}
	EndProjectSection
EndProject
Project("{8BC9CEB8-8B4A-11D0-8D11-00A0C91BC942}") = "softmax_regression_cuda", "..\machine_learning\softmax_regression_cuda.vcxproj", "{18F562FA-D895-34BD-929F-53DB415AA144}"
	ProjectSection(ProjectDependencies) = postProject
		{AAD07D42-7BEF-364E-A642-1182DDF22A69} = {AAD07D42-7BEF-364E-A642-1182DDF22A69}
	EndProjectSection
EndProject
Project("{8BC9CEB8-8B4A-11D0-8D11-00A0C91BC942}") = "softmax_regression_opencl", "..\machine_learning\softmax_regression_opencl.vcxproj", "{C9DA4A48-C050-336D-9CFF-0941D93439F6}"
	ProjectSection(ProjectDependencies) = postProject
		{AAD07D42-7BEF-364E-A642-1182DDF22A69} = {AAD07D42-7BEF-364E-A642-1182DDF22A69}
	EndProjectSection
EndProject
Project("{8BC9CEB8-8B4A-11D0-8D11-00A0C91BC942}") = "svd_cpu", "svd_cpu.vcxproj", "{790AEB05-6461-357C-A3BB-A34538DE3A47}"
	ProjectSection(ProjectDependencies) = postProject
		{AAD07D42-7BEF-364E-A642-1182DDF22A69} = {AAD07D42-7BEF-364E-A642-1182DDF22A69}
	EndProjectSection
EndProject
Project("{8BC9CEB8-8B4A-11D0-8D11-00A0C91BC942}") = "svd_cuda", "svd_cuda.vcxproj", "{5A0F59FA-46CE-3787-B272-28BAAE74FCBD}"
	ProjectSection(ProjectDependencies) = postProject
		{AAD07D42-7BEF-364E-A642-1182DDF22A69} = {AAD07D42-7BEF-364E-A642-1182DDF22A69}
	EndProjectSection
EndProject
Project("{8BC9CEB8-8B4A-11D0-8D11-00A0C91BC942}") = "svd_opencl", "svd_opencl.vcxproj", "{543B1471-6A81-383A-A35B-FEF7F933DA89}"
	ProjectSection(ProjectDependencies) = postProject
		{AAD07D42-7BEF-364E-A642-1182DDF22A69} = {AAD07D42-7BEF-364E-A642-1182DDF22A69}
	EndProjectSection
EndProject
Global
	GlobalSection(SolutionConfigurationPlatforms) = preSolution
		Debug|x64 = Debug|x64
		Release|x64 = Release|x64
		MinSizeRel|x64 = MinSizeRel|x64
		RelWithDebInfo|x64 = RelWithDebInfo|x64
	EndGlobalSection
	GlobalSection(ProjectConfigurationPlatforms) = postSolution
		{28F4CFD8-92B3-3E10-954C-45F7C9B7AFC5}.Debug|x64.ActiveCfg = Debug|x64
		{28F4CFD8-92B3-3E10-954C-45F7C9B7AFC5}.Release|x64.ActiveCfg = Release|x64
		{28F4CFD8-92B3-3E10-954C-45F7C9B7AFC5}.MinSizeRel|x64.ActiveCfg = MinSizeRel|x64
		{28F4CFD8-92B3-3E10-954C-45F7C9B7AFC5}.RelWithDebInfo|x64.ActiveCfg = RelWithDebInfo|x64
		{AAD07D42-7BEF-364E-A642-1182DDF22A69}.Debug|x64.ActiveCfg = Debug|x64
		{AAD07D42-7BEF-364E-A642-1182DDF22A69}.Debug|x64.Build.0 = Debug|x64
		{AAD07D42-7BEF-364E-A642-1182DDF22A69}.Release|x64.ActiveCfg = Release|x64
		{AAD07D42-7BEF-364E-A642-1182DDF22A69}.Release|x64.Build.0 = Release|x64
		{AAD07D42-7BEF-364E-A642-1182DDF22A69}.MinSizeRel|x64.ActiveCfg = MinSizeRel|x64
		{AAD07D42-7BEF-364E-A642-1182DDF22A69}.MinSizeRel|x64.Build.0 = MinSizeRel|x64
		{AAD07D42-7BEF-364E-A642-1182DDF22A69}.RelWithDebInfo|x64.ActiveCfg = RelWithDebInfo|x64
		{AAD07D42-7BEF-364E-A642-1182DDF22A69}.RelWithDebInfo|x64.Build.0 = RelWithDebInfo|x64
		{B2E35C4A-9193-3CEF-82D6-EC3024D938F9}.Debug|x64.ActiveCfg = Debug|x64
		{B2E35C4A-9193-3CEF-82D6-EC3024D938F9}.Debug|x64.Build.0 = Debug|x64
		{B2E35C4A-9193-3CEF-82D6-EC3024D938F9}.Release|x64.ActiveCfg = Release|x64
		{B2E35C4A-9193-3CEF-82D6-EC3024D938F9}.Release|x64.Build.0 = Release|x64
		{B2E35C4A-9193-3CEF-82D6-EC3024D938F9}.MinSizeRel|x64.ActiveCfg = MinSizeRel|x64
		{B2E35C4A-9193-3CEF-82D6-EC3024D938F9}.MinSizeRel|x64.Build.0 = MinSizeRel|x64
		{B2E35C4A-9193-3CEF-82D6-EC3024D938F9}.RelWithDebInfo|x64.ActiveCfg = RelWithDebInfo|x64
		{B2E35C4A-9193-3CEF-82D6-EC3024D938F9}.RelWithDebInfo|x64.Build.0 = RelWithDebInfo|x64
		{F1C75ACC-091E-3B45-A820-52B97327D3B4}.Debug|x64.ActiveCfg = Debug|x64
		{F1C75ACC-091E-3B45-A820-52B97327D3B4}.Debug|x64.Build.0 = Debug|x64
		{F1C75ACC-091E-3B45-A820-52B97327D3B4}.Release|x64.ActiveCfg = Release|x64
		{F1C75ACC-091E-3B45-A820-52B97327D3B4}.Release|x64.Build.0 = Release|x64
		{F1C75ACC-091E-3B45-A820-52B97327D3B4}.MinSizeRel|x64.ActiveCfg = MinSizeRel|x64
		{F1C75ACC-091E-3B45-A820-52B97327D3B4}.MinSizeRel|x64.Build.0 = MinSizeRel|x64
		{F1C75ACC-091E-3B45-A820-52B97327D3B4}.RelWithDebInfo|x64.ActiveCfg = RelWithDebInfo|x64
		{F1C75ACC-091E-3B45-A820-52B97327D3B4}.RelWithDebInfo|x64.Build.0 = RelWithDebInfo|x64
		{0350A9F7-183D-3E5E-9E1F-1A3C4886CCE8}.Debug|x64.ActiveCfg = Debug|x64
		{0350A9F7-183D-3E5E-9E1F-1A3C4886CCE8}.Debug|x64.Build.0 = Debug|x64
		{0350A9F7-183D-3E5E-9E1F-1A3C4886CCE8}.Release|x64.ActiveCfg = Release|x64
		{0350A9F7-183D-3E5E-9E1F-1A3C4886CCE8}.Release|x64.Build.0 = Release|x64
		{0350A9F7-183D-3E5E-9E1F-1A3C4886CCE8}.MinSizeRel|x64.ActiveCfg = MinSizeRel|x64
		{0350A9F7-183D-3E5E-9E1F-1A3C4886CCE8}.MinSizeRel|x64.Build.0 = MinSizeRel|x64
		{0350A9F7-183D-3E5E-9E1F-1A3C4886CCE8}.RelWithDebInfo|x64.ActiveCfg = RelWithDebInfo|x64
		{0350A9F7-183D-3E5E-9E1F-1A3C4886CCE8}.RelWithDebInfo|x64.Build.0 = RelWithDebInfo|x64
		{E113D73C-C2A7-367B-96E9-F1B7A177D222}.Debug|x64.ActiveCfg = Debug|x64
		{E113D73C-C2A7-367B-96E9-F1B7A177D222}.Debug|x64.Build.0 = Debug|x64
		{E113D73C-C2A7-367B-96E9-F1B7A177D222}.Release|x64.ActiveCfg = Release|x64
		{E113D73C-C2A7-367B-96E9-F1B7A177D222}.Release|x64.Build.0 = Release|x64
		{E113D73C-C2A7-367B-96E9-F1B7A177D222}.MinSizeRel|x64.ActiveCfg = MinSizeRel|x64
		{E113D73C-C2A7-367B-96E9-F1B7A177D222}.MinSizeRel|x64.Build.0 = MinSizeRel|x64
		{E113D73C-C2A7-367B-96E9-F1B7A177D222}.RelWithDebInfo|x64.ActiveCfg = RelWithDebInfo|x64
		{E113D73C-C2A7-367B-96E9-F1B7A177D222}.RelWithDebInfo|x64.Build.0 = RelWithDebInfo|x64
		{890C4AEC-F8F2-3F54-A9C9-A10D33F5F0FF}.Debug|x64.ActiveCfg = Debug|x64
		{890C4AEC-F8F2-3F54-A9C9-A10D33F5F0FF}.Debug|x64.Build.0 = Debug|x64
		{890C4AEC-F8F2-3F54-A9C9-A10D33F5F0FF}.Release|x64.ActiveCfg = Release|x64
		{890C4AEC-F8F2-3F54-A9C9-A10D33F5F0FF}.Release|x64.Build.0 = Release|x64
		{890C4AEC-F8F2-3F54-A9C9-A10D33F5F0FF}.MinSizeRel|x64.ActiveCfg = MinSizeRel|x64
		{890C4AEC-F8F2-3F54-A9C9-A10D33F5F0FF}.MinSizeRel|x64.Build.0 = MinSizeRel|x64
		{890C4AEC-F8F2-3F54-A9C9-A10D33F5F0FF}.RelWithDebInfo|x64.ActiveCfg = RelWithDebInfo|x64
		{890C4AEC-F8F2-3F54-A9C9-A10D33F5F0FF}.RelWithDebInfo|x64.Build.0 = RelWithDebInfo|x64
		{D5C57203-B6C0-329D-925D-637A94259129}.Debug|x64.ActiveCfg = Debug|x64
		{D5C57203-B6C0-329D-925D-637A94259129}.Debug|x64.Build.0 = Debug|x64
		{D5C57203-B6C0-329D-925D-637A94259129}.Release|x64.ActiveCfg = Release|x64
		{D5C57203-B6C0-329D-925D-637A94259129}.Release|x64.Build.0 = Release|x64
		{D5C57203-B6C0-329D-925D-637A94259129}.MinSizeRel|x64.ActiveCfg = MinSizeRel|x64
		{D5C57203-B6C0-329D-925D-637A94259129}.MinSizeRel|x64.Build.0 = MinSizeRel|x64
		{D5C57203-B6C0-329D-925D-637A94259129}.RelWithDebInfo|x64.ActiveCfg = RelWithDebInfo|x64
		{D5C57203-B6C0-329D-925D-637A94259129}.RelWithDebInfo|x64.Build.0 = RelWithDebInfo|x64
		{D9A074E0-D084-3CC9-8149-ABCB073D0C3A}.Debug|x64.ActiveCfg = Debug|x64
		{D9A074E0-D084-3CC9-8149-ABCB073D0C3A}.Debug|x64.Build.0 = Debug|x64
		{D9A074E0-D084-3CC9-8149-ABCB073D0C3A}.Release|x64.ActiveCfg = Release|x64
		{D9A074E0-D084-3CC9-8149-ABCB073D0C3A}.Release|x64.Build.0 = Release|x64
		{D9A074E0-D084-3CC9-8149-ABCB073D0C3A}.MinSizeRel|x64.ActiveCfg = MinSizeRel|x64
		{D9A074E0-D084-3CC9-8149-ABCB073D0C3A}.MinSizeRel|x64.Build.0 = MinSizeRel|x64
		{D9A074E0-D084-3CC9-8149-ABCB073D0C3A}.RelWithDebInfo|x64.ActiveCfg = RelWithDebInfo|x64
		{D9A074E0-D084-3CC9-8149-ABCB073D0C3A}.RelWithDebInfo|x64.Build.0 = RelWithDebInfo|x64
		{F1CE9053-0F74-3892-9BA3-C0FE0AA0941B}.Debug|x64.ActiveCfg = Debug|x64
		{F1CE9053-0F74-3892-9BA3-C0FE0AA0941B}.Debug|x64.Build.0 = Debug|x64
		{F1CE9053-0F74-3892-9BA3-C0FE0AA0941B}.Release|x64.ActiveCfg = Release|x64
		{F1CE9053-0F74-3892-9BA3-C0FE0AA0941B}.Release|x64.Build.0 = Release|x64
		{F1CE9053-0F74-3892-9BA3-C0FE0AA0941B}.MinSizeRel|x64.ActiveCfg = MinSizeRel|x64
		{F1CE9053-0F74-3892-9BA3-C0FE0AA0941B}.MinSizeRel|x64.Build.0 = MinSizeRel|x64
		{F1CE9053-0F74-3892-9BA3-C0FE0AA0941B}.RelWithDebInfo|x64.ActiveCfg = RelWithDebInfo|x64
		{F1CE9053-0F74-3892-9BA3-C0FE0AA0941B}.RelWithDebInfo|x64.Build.0 = RelWithDebInfo|x64
		{5BB9DE2A-E391-3306-8B46-ECBB07A9E58B}.Debug|x64.ActiveCfg = Debug|x64
		{5BB9DE2A-E391-3306-8B46-ECBB07A9E58B}.Debug|x64.Build.0 = Debug|x64
		{5BB9DE2A-E391-3306-8B46-ECBB07A9E58B}.Release|x64.ActiveCfg = Release|x64
		{5BB9DE2A-E391-3306-8B46-ECBB07A9E58B}.Release|x64.Build.0 = Release|x64
		{5BB9DE2A-E391-3306-8B46-ECBB07A9E58B}.MinSizeRel|x64.ActiveCfg = MinSizeRel|x64
		{5BB9DE2A-E391-3306-8B46-ECBB07A9E58B}.MinSizeRel|x64.Build.0 = MinSizeRel|x64
		{5BB9DE2A-E391-3306-8B46-ECBB07A9E58B}.RelWithDebInfo|x64.ActiveCfg = RelWithDebInfo|x64
		{5BB9DE2A-E391-3306-8B46-ECBB07A9E58B}.RelWithDebInfo|x64.Build.0 = RelWithDebInfo|x64
		{AEF6250F-F206-3B49-93D2-3ED72B26E50E}.Debug|x64.ActiveCfg = Debug|x64
		{AEF6250F-F206-3B49-93D2-3ED72B26E50E}.Debug|x64.Build.0 = Debug|x64
		{AEF6250F-F206-3B49-93D2-3ED72B26E50E}.Release|x64.ActiveCfg = Release|x64
		{AEF6250F-F206-3B49-93D2-3ED72B26E50E}.Release|x64.Build.0 = Release|x64
		{AEF6250F-F206-3B49-93D2-3ED72B26E50E}.MinSizeRel|x64.ActiveCfg = MinSizeRel|x64
		{AEF6250F-F206-3B49-93D2-3ED72B26E50E}.MinSizeRel|x64.Build.0 = MinSizeRel|x64
		{AEF6250F-F206-3B49-93D2-3ED72B26E50E}.RelWithDebInfo|x64.ActiveCfg = RelWithDebInfo|x64
		{AEF6250F-F206-3B49-93D2-3ED72B26E50E}.RelWithDebInfo|x64.Build.0 = RelWithDebInfo|x64
		{7D2E21C5-46FD-3220-8329-FB09C5E656DC}.Debug|x64.ActiveCfg = Debug|x64
		{7D2E21C5-46FD-3220-8329-FB09C5E656DC}.Debug|x64.Build.0 = Debug|x64
		{7D2E21C5-46FD-3220-8329-FB09C5E656DC}.Release|x64.ActiveCfg = Release|x64
		{7D2E21C5-46FD-3220-8329-FB09C5E656DC}.Release|x64.Build.0 = Release|x64
		{7D2E21C5-46FD-3220-8329-FB09C5E656DC}.MinSizeRel|x64.ActiveCfg = MinSizeRel|x64
		{7D2E21C5-46FD-3220-8329-FB09C5E656DC}.MinSizeRel|x64.Build.0 = MinSizeRel|x64
		{7D2E21C5-46FD-3220-8329-FB09C5E656DC}.RelWithDebInfo|x64.ActiveCfg = RelWithDebInfo|x64
		{7D2E21C5-46FD-3220-8329-FB09C5E656DC}.RelWithDebInfo|x64.Build.0 = RelWithDebInfo|x64
		{9FC8C613-0688-3A0A-AE86-7E6098B4F5EF}.Debug|x64.ActiveCfg = Debug|x64
		{9FC8C613-0688-3A0A-AE86-7E6098B4F5EF}.Debug|x64.Build.0 = Debug|x64
		{9FC8C613-0688-3A0A-AE86-7E6098B4F5EF}.Release|x64.ActiveCfg = Release|x64
		{9FC8C613-0688-3A0A-AE86-7E6098B4F5EF}.Release|x64.Build.0 = Release|x64
		{9FC8C613-0688-3A0A-AE86-7E6098B4F5EF}.MinSizeRel|x64.ActiveCfg = MinSizeRel|x64
		{9FC8C613-0688-3A0A-AE86-7E6098B4F5EF}.MinSizeRel|x64.Build.0 = MinSizeRel|x64
		{9FC8C613-0688-3A0A-AE86-7E6098B4F5EF}.RelWithDebInfo|x64.ActiveCfg = RelWithDebInfo|x64
		{9FC8C613-0688-3A0A-AE86-7E6098B4F5EF}.RelWithDebInfo|x64.Build.0 = RelWithDebInfo|x64
		{1F0082F5-3FC5-3902-8CF2-C50D8F4FB87E}.Debug|x64.ActiveCfg = Debug|x64
		{1F0082F5-3FC5-3902-8CF2-C50D8F4FB87E}.Debug|x64.Build.0 = Debug|x64
		{1F0082F5-3FC5-3902-8CF2-C50D8F4FB87E}.Release|x64.ActiveCfg = Release|x64
		{1F0082F5-3FC5-3902-8CF2-C50D8F4FB87E}.Release|x64.Build.0 = Release|x64
		{1F0082F5-3FC5-3902-8CF2-C50D8F4FB87E}.MinSizeRel|x64.ActiveCfg = MinSizeRel|x64
		{1F0082F5-3FC5-3902-8CF2-C50D8F4FB87E}.MinSizeRel|x64.Build.0 = MinSizeRel|x64
		{1F0082F5-3FC5-3902-8CF2-C50D8F4FB87E}.RelWithDebInfo|x64.ActiveCfg = RelWithDebInfo|x64
		{1F0082F5-3FC5-3902-8CF2-C50D8F4FB87E}.RelWithDebInfo|x64.Build.0 = RelWithDebInfo|x64
		{D545CAD3-9ADB-3B3F-924E-548B77C505A6}.Debug|x64.ActiveCfg = Debug|x64
		{D545CAD3-9ADB-3B3F-924E-548B77C505A6}.Debug|x64.Build.0 = Debug|x64
		{D545CAD3-9ADB-3B3F-924E-548B77C505A6}.Release|x64.ActiveCfg = Release|x64
		{D545CAD3-9ADB-3B3F-924E-548B77C505A6}.Release|x64.Build.0 = Release|x64
		{D545CAD3-9ADB-3B3F-924E-548B77C505A6}.MinSizeRel|x64.ActiveCfg = MinSizeRel|x64
		{D545CAD3-9ADB-3B3F-924E-548B77C505A6}.MinSizeRel|x64.Build.0 = MinSizeRel|x64
		{D545CAD3-9ADB-3B3F-924E-548B77C505A6}.RelWithDebInfo|x64.ActiveCfg = RelWithDebInfo|x64
		{D545CAD3-9ADB-3B3F-924E-548B77C505A6}.RelWithDebInfo|x64.Build.0 = RelWithDebInfo|x64
		{612EBD96-F068-346A-84D8-9A9A7DF13EF2}.Debug|x64.ActiveCfg = Debug|x64
		{612EBD96-F068-346A-84D8-9A9A7DF13EF2}.Debug|x64.Build.0 = Debug|x64
		{612EBD96-F068-346A-84D8-9A9A7DF13EF2}.Release|x64.ActiveCfg = Release|x64
		{612EBD96-F068-346A-84D8-9A9A7DF13EF2}.Release|x64.Build.0 = Release|x64
		{612EBD96-F068-346A-84D8-9A9A7DF13EF2}.MinSizeRel|x64.ActiveCfg = MinSizeRel|x64
		{612EBD96-F068-346A-84D8-9A9A7DF13EF2}.MinSizeRel|x64.Build.0 = MinSizeRel|x64
		{612EBD96-F068-346A-84D8-9A9A7DF13EF2}.RelWithDebInfo|x64.ActiveCfg = RelWithDebInfo|x64
		{612EBD96-F068-346A-84D8-9A9A7DF13EF2}.RelWithDebInfo|x64.Build.0 = RelWithDebInfo|x64
		{EBD7A94C-6F1F-3A43-A9DE-8852B14C6874}.Debug|x64.ActiveCfg = Debug|x64
		{EBD7A94C-6F1F-3A43-A9DE-8852B14C6874}.Debug|x64.Build.0 = Debug|x64
		{EBD7A94C-6F1F-3A43-A9DE-8852B14C6874}.Release|x64.ActiveCfg = Release|x64
		{EBD7A94C-6F1F-3A43-A9DE-8852B14C6874}.Release|x64.Build.0 = Release|x64
		{EBD7A94C-6F1F-3A43-A9DE-8852B14C6874}.MinSizeRel|x64.ActiveCfg = MinSizeRel|x64
		{EBD7A94C-6F1F-3A43-A9DE-8852B14C6874}.MinSizeRel|x64.Build.0 = MinSizeRel|x64
		{EBD7A94C-6F1F-3A43-A9DE-8852B14C6874}.RelWithDebInfo|x64.ActiveCfg = RelWithDebInfo|x64
		{EBD7A94C-6F1F-3A43-A9DE-8852B14C6874}.RelWithDebInfo|x64.Build.0 = RelWithDebInfo|x64
		{E567B392-6FBB-399D-AED3-82E529A72432}.Debug|x64.ActiveCfg = Debug|x64
		{E567B392-6FBB-399D-AED3-82E529A72432}.Debug|x64.Build.0 = Debug|x64
		{E567B392-6FBB-399D-AED3-82E529A72432}.Release|x64.ActiveCfg = Release|x64
		{E567B392-6FBB-399D-AED3-82E529A72432}.Release|x64.Build.0 = Release|x64
		{E567B392-6FBB-399D-AED3-82E529A72432}.MinSizeRel|x64.ActiveCfg = MinSizeRel|x64
		{E567B392-6FBB-399D-AED3-82E529A72432}.MinSizeRel|x64.Build.0 = MinSizeRel|x64
		{E567B392-6FBB-399D-AED3-82E529A72432}.RelWithDebInfo|x64.ActiveCfg = RelWithDebInfo|x64
		{E567B392-6FBB-399D-AED3-82E529A72432}.RelWithDebInfo|x64.Build.0 = RelWithDebInfo|x64
		{A6B0C6E7-60B4-3224-A2EC-0EF7B6842A31}.Debug|x64.ActiveCfg = Debug|x64
		{A6B0C6E7-60B4-3224-A2EC-0EF7B6842A31}.Debug|x64.Build.0 = Debug|x64
		{A6B0C6E7-60B4-3224-A2EC-0EF7B6842A31}.Release|x64.ActiveCfg = Release|x64
		{A6B0C6E7-60B4-3224-A2EC-0EF7B6842A31}.Release|x64.Build.0 = Release|x64
		{A6B0C6E7-60B4-3224-A2EC-0EF7B6842A31}.MinSizeRel|x64.ActiveCfg = MinSizeRel|x64
		{A6B0C6E7-60B4-3224-A2EC-0EF7B6842A31}.MinSizeRel|x64.Build.0 = MinSizeRel|x64
		{A6B0C6E7-60B4-3224-A2EC-0EF7B6842A31}.RelWithDebInfo|x64.ActiveCfg = RelWithDebInfo|x64
		{A6B0C6E7-60B4-3224-A2EC-0EF7B6842A31}.RelWithDebInfo|x64.Build.0 = RelWithDebInfo|x64
		{99611E6F-7D78-3725-95C0-C967B59D379C}.Debug|x64.ActiveCfg = Debug|x64
		{99611E6F-7D78-3725-95C0-C967B59D379C}.Debug|x64.Build.0 = Debug|x64
		{99611E6F-7D78-3725-95C0-C967B59D379C}.Release|x64.ActiveCfg = Release|x64
		{99611E6F-7D78-3725-95C0-C967B59D379C}.Release|x64.Build.0 = Release|x64
		{99611E6F-7D78-3725-95C0-C967B59D379C}.MinSizeRel|x64.ActiveCfg = MinSizeRel|x64
		{99611E6F-7D78-3725-95C0-C967B59D379C}.MinSizeRel|x64.Build.0 = MinSizeRel|x64
		{99611E6F-7D78-3725-95C0-C967B59D379C}.RelWithDebInfo|x64.ActiveCfg = RelWithDebInfo|x64
		{99611E6F-7D78-3725-95C0-C967B59D379C}.RelWithDebInfo|x64.Build.0 = RelWithDebInfo|x64
		{1EC518B6-9BA3-3EFB-AA34-9DC95AE17A8C}.Debug|x64.ActiveCfg = Debug|x64
		{1EC518B6-9BA3-3EFB-AA34-9DC95AE17A8C}.Debug|x64.Build.0 = Debug|x64
		{1EC518B6-9BA3-3EFB-AA34-9DC95AE17A8C}.Release|x64.ActiveCfg = Release|x64
		{1EC518B6-9BA3-3EFB-AA34-9DC95AE17A8C}.Release|x64.Build.0 = Release|x64
		{1EC518B6-9BA3-3EFB-AA34-9DC95AE17A8C}.MinSizeRel|x64.ActiveCfg = MinSizeRel|x64
		{1EC518B6-9BA3-3EFB-AA34-9DC95AE17A8C}.MinSizeRel|x64.Build.0 = MinSizeRel|x64
		{1EC518B6-9BA3-3EFB-AA34-9DC95AE17A8C}.RelWithDebInfo|x64.ActiveCfg = RelWithDebInfo|x64
		{1EC518B6-9BA3-3EFB-AA34-9DC95AE17A8C}.RelWithDebInfo|x64.Build.0 = RelWithDebInfo|x64
		{2D9BCAD5-6BA6-3028-B333-7CDEA84D63B4}.Debug|x64.ActiveCfg = Debug|x64
		{2D9BCAD5-6BA6-3028-B333-7CDEA84D63B4}.Debug|x64.Build.0 = Debug|x64
		{2D9BCAD5-6BA6-3028-B333-7CDEA84D63B4}.Release|x64.ActiveCfg = Release|x64
		{2D9BCAD5-6BA6-3028-B333-7CDEA84D63B4}.Release|x64.Build.0 = Release|x64
		{2D9BCAD5-6BA6-3028-B333-7CDEA84D63B4}.MinSizeRel|x64.ActiveCfg = MinSizeRel|x64
		{2D9BCAD5-6BA6-3028-B333-7CDEA84D63B4}.MinSizeRel|x64.Build.0 = MinSizeRel|x64
		{2D9BCAD5-6BA6-3028-B333-7CDEA84D63B4}.RelWithDebInfo|x64.ActiveCfg = RelWithDebInfo|x64
		{2D9BCAD5-6BA6-3028-B333-7CDEA84D63B4}.RelWithDebInfo|x64.Build.0 = RelWithDebInfo|x64
		{FCB85F1D-F1CD-3ABE-8F44-851CC106FAF5}.Debug|x64.ActiveCfg = Debug|x64
		{FCB85F1D-F1CD-3ABE-8F44-851CC106FAF5}.Debug|x64.Build.0 = Debug|x64
		{FCB85F1D-F1CD-3ABE-8F44-851CC106FAF5}.Release|x64.ActiveCfg = Release|x64
		{FCB85F1D-F1CD-3ABE-8F44-851CC106FAF5}.Release|x64.Build.0 = Release|x64
		{FCB85F1D-F1CD-3ABE-8F44-851CC106FAF5}.MinSizeRel|x64.ActiveCfg = MinSizeRel|x64
		{FCB85F1D-F1CD-3ABE-8F44-851CC106FAF5}.MinSizeRel|x64.Build.0 = MinSizeRel|x64
		{FCB85F1D-F1CD-3ABE-8F44-851CC106FAF5}.RelWithDebInfo|x64.ActiveCfg = RelWithDebInfo|x64
		{FCB85F1D-F1CD-3ABE-8F44-851CC106FAF5}.RelWithDebInfo|x64.Build.0 = RelWithDebInfo|x64
		{16EDBD46-CD65-3EEE-822E-703E67713A76}.Debug|x64.ActiveCfg = Debug|x64
		{16EDBD46-CD65-3EEE-822E-703E67713A76}.Debug|x64.Build.0 = Debug|x64
		{16EDBD46-CD65-3EEE-822E-703E67713A76}.Release|x64.ActiveCfg = Release|x64
		{16EDBD46-CD65-3EEE-822E-703E67713A76}.Release|x64.Build.0 = Release|x64
		{16EDBD46-CD65-3EEE-822E-703E67713A76}.MinSizeRel|x64.ActiveCfg = MinSizeRel|x64
		{16EDBD46-CD65-3EEE-822E-703E67713A76}.MinSizeRel|x64.Build.0 = MinSizeRel|x64
		{16EDBD46-CD65-3EEE-822E-703E67713A76}.RelWithDebInfo|x64.ActiveCfg = RelWithDebInfo|x64
		{16EDBD46-CD65-3EEE-822E-703E67713A76}.RelWithDebInfo|x64.Build.0 = RelWithDebInfo|x64
		{DF8E7D08-2B80-39C0-8D81-63BD1C3A1731}.Debug|x64.ActiveCfg = Debug|x64
		{DF8E7D08-2B80-39C0-8D81-63BD1C3A1731}.Debug|x64.Build.0 = Debug|x64
		{DF8E7D08-2B80-39C0-8D81-63BD1C3A1731}.Release|x64.ActiveCfg = Release|x64
		{DF8E7D08-2B80-39C0-8D81-63BD1C3A1731}.Release|x64.Build.0 = Release|x64
		{DF8E7D08-2B80-39C0-8D81-63BD1C3A1731}.MinSizeRel|x64.ActiveCfg = MinSizeRel|x64
		{DF8E7D08-2B80-39C0-8D81-63BD1C3A1731}.MinSizeRel|x64.Build.0 = MinSizeRel|x64
		{DF8E7D08-2B80-39C0-8D81-63BD1C3A1731}.RelWithDebInfo|x64.ActiveCfg = RelWithDebInfo|x64
		{DF8E7D08-2B80-39C0-8D81-63BD1C3A1731}.RelWithDebInfo|x64.Build.0 = RelWithDebInfo|x64
		{81B47E15-3CA9-305F-A528-7CF5A4F39794}.Debug|x64.ActiveCfg = Debug|x64
		{81B47E15-3CA9-305F-A528-7CF5A4F39794}.Debug|x64.Build.0 = Debug|x64
		{81B47E15-3CA9-305F-A528-7CF5A4F39794}.Release|x64.ActiveCfg = Release|x64
		{81B47E15-3CA9-305F-A528-7CF5A4F39794}.Release|x64.Build.0 = Release|x64
		{81B47E15-3CA9-305F-A528-7CF5A4F39794}.MinSizeRel|x64.ActiveCfg = MinSizeRel|x64
		{81B47E15-3CA9-305F-A528-7CF5A4F39794}.MinSizeRel|x64.Build.0 = MinSizeRel|x64
		{81B47E15-3CA9-305F-A528-7CF5A4F39794}.RelWithDebInfo|x64.ActiveCfg = RelWithDebInfo|x64
		{81B47E15-3CA9-305F-A528-7CF5A4F39794}.RelWithDebInfo|x64.Build.0 = RelWithDebInfo|x64
		{DBBADD3C-2B4A-3F59-AB5E-992915034E45}.Debug|x64.ActiveCfg = Debug|x64
		{DBBADD3C-2B4A-3F59-AB5E-992915034E45}.Debug|x64.Build.0 = Debug|x64
		{DBBADD3C-2B4A-3F59-AB5E-992915034E45}.Release|x64.ActiveCfg = Release|x64
		{DBBADD3C-2B4A-3F59-AB5E-992915034E45}.Release|x64.Build.0 = Release|x64
		{DBBADD3C-2B4A-3F59-AB5E-992915034E45}.MinSizeRel|x64.ActiveCfg = MinSizeRel|x64
		{DBBADD3C-2B4A-3F59-AB5E-992915034E45}.MinSizeRel|x64.Build.0 = MinSizeRel|x64
		{DBBADD3C-2B4A-3F59-AB5E-992915034E45}.RelWithDebInfo|x64.ActiveCfg = RelWithDebInfo|x64
		{DBBADD3C-2B4A-3F59-AB5E-992915034E45}.RelWithDebInfo|x64.Build.0 = RelWithDebInfo|x64
		{E032F9C2-8BB2-37AC-9B26-14B85FAC4976}.Debug|x64.ActiveCfg = Debug|x64
		{E032F9C2-8BB2-37AC-9B26-14B85FAC4976}.Debug|x64.Build.0 = Debug|x64
		{E032F9C2-8BB2-37AC-9B26-14B85FAC4976}.Release|x64.ActiveCfg = Release|x64
		{E032F9C2-8BB2-37AC-9B26-14B85FAC4976}.Release|x64.Build.0 = Release|x64
		{E032F9C2-8BB2-37AC-9B26-14B85FAC4976}.MinSizeRel|x64.ActiveCfg = MinSizeRel|x64
		{E032F9C2-8BB2-37AC-9B26-14B85FAC4976}.MinSizeRel|x64.Build.0 = MinSizeRel|x64
		{E032F9C2-8BB2-37AC-9B26-14B85FAC4976}.RelWithDebInfo|x64.ActiveCfg = RelWithDebInfo|x64
		{E032F9C2-8BB2-37AC-9B26-14B85FAC4976}.RelWithDebInfo|x64.Build.0 = RelWithDebInfo|x64
		{D57DD231-8B6E-3239-BF49-BFB5CF79938F}.Debug|x64.ActiveCfg = Debug|x64
		{D57DD231-8B6E-3239-BF49-BFB5CF79938F}.Debug|x64.Build.0 = Debug|x64
		{D57DD231-8B6E-3239-BF49-BFB5CF79938F}.Release|x64.ActiveCfg = Release|x64
		{D57DD231-8B6E-3239-BF49-BFB5CF79938F}.Release|x64.Build.0 = Release|x64
		{D57DD231-8B6E-3239-BF49-BFB5CF79938F}.MinSizeRel|x64.ActiveCfg = MinSizeRel|x64
		{D57DD231-8B6E-3239-BF49-BFB5CF79938F}.MinSizeRel|x64.Build.0 = MinSizeRel|x64
		{D57DD231-8B6E-3239-BF49-BFB5CF79938F}.RelWithDebInfo|x64.ActiveCfg = RelWithDebInfo|x64
		{D57DD231-8B6E-3239-BF49-BFB5CF79938F}.RelWithDebInfo|x64.Build.0 = RelWithDebInfo|x64
		{33DEC6B4-49AB-3513-A792-F82A992F23EB}.Debug|x64.ActiveCfg = Debug|x64
		{33DEC6B4-49AB-3513-A792-F82A992F23EB}.Debug|x64.Build.0 = Debug|x64
		{33DEC6B4-49AB-3513-A792-F82A992F23EB}.Release|x64.ActiveCfg = Release|x64
		{33DEC6B4-49AB-3513-A792-F82A992F23EB}.Release|x64.Build.0 = Release|x64
		{33DEC6B4-49AB-3513-A792-F82A992F23EB}.MinSizeRel|x64.ActiveCfg = MinSizeRel|x64
		{33DEC6B4-49AB-3513-A792-F82A992F23EB}.MinSizeRel|x64.Build.0 = MinSizeRel|x64
		{33DEC6B4-49AB-3513-A792-F82A992F23EB}.RelWithDebInfo|x64.ActiveCfg = RelWithDebInfo|x64
		{33DEC6B4-49AB-3513-A792-F82A992F23EB}.RelWithDebInfo|x64.Build.0 = RelWithDebInfo|x64
		{AE03FF90-2BB7-313E-9260-3C2103DB0ED0}.Debug|x64.ActiveCfg = Debug|x64
		{AE03FF90-2BB7-313E-9260-3C2103DB0ED0}.Debug|x64.Build.0 = Debug|x64
		{AE03FF90-2BB7-313E-9260-3C2103DB0ED0}.Release|x64.ActiveCfg = Release|x64
		{AE03FF90-2BB7-313E-9260-3C2103DB0ED0}.Release|x64.Build.0 = Release|x64
		{AE03FF90-2BB7-313E-9260-3C2103DB0ED0}.MinSizeRel|x64.ActiveCfg = MinSizeRel|x64
		{AE03FF90-2BB7-313E-9260-3C2103DB0ED0}.MinSizeRel|x64.Build.0 = MinSizeRel|x64
		{AE03FF90-2BB7-313E-9260-3C2103DB0ED0}.RelWithDebInfo|x64.ActiveCfg = RelWithDebInfo|x64
		{AE03FF90-2BB7-313E-9260-3C2103DB0ED0}.RelWithDebInfo|x64.Build.0 = RelWithDebInfo|x64
		{730C64E2-8C79-321E-B9A9-359A8A74EFA0}.Debug|x64.ActiveCfg = Debug|x64
		{730C64E2-8C79-321E-B9A9-359A8A74EFA0}.Debug|x64.Build.0 = Debug|x64
		{730C64E2-8C79-321E-B9A9-359A8A74EFA0}.Release|x64.ActiveCfg = Release|x64
		{730C64E2-8C79-321E-B9A9-359A8A74EFA0}.Release|x64.Build.0 = Release|x64
		{730C64E2-8C79-321E-B9A9-359A8A74EFA0}.MinSizeRel|x64.ActiveCfg = MinSizeRel|x64
		{730C64E2-8C79-321E-B9A9-359A8A74EFA0}.MinSizeRel|x64.Build.0 = MinSizeRel|x64
		{730C64E2-8C79-321E-B9A9-359A8A74EFA0}.RelWithDebInfo|x64.ActiveCfg = RelWithDebInfo|x64
		{730C64E2-8C79-321E-B9A9-359A8A74EFA0}.RelWithDebInfo|x64.Build.0 = RelWithDebInfo|x64
		{CE61A351-8111-3529-92DC-4754BA6631A7}.Debug|x64.ActiveCfg = Debug|x64
		{CE61A351-8111-3529-92DC-4754BA6631A7}.Debug|x64.Build.0 = Debug|x64
		{CE61A351-8111-3529-92DC-4754BA6631A7}.Release|x64.ActiveCfg = Release|x64
		{CE61A351-8111-3529-92DC-4754BA6631A7}.Release|x64.Build.0 = Release|x64
		{CE61A351-8111-3529-92DC-4754BA6631A7}.MinSizeRel|x64.ActiveCfg = MinSizeRel|x64
		{CE61A351-8111-3529-92DC-4754BA6631A7}.MinSizeRel|x64.Build.0 = MinSizeRel|x64
		{CE61A351-8111-3529-92DC-4754BA6631A7}.RelWithDebInfo|x64.ActiveCfg = RelWithDebInfo|x64
		{CE61A351-8111-3529-92DC-4754BA6631A7}.RelWithDebInfo|x64.Build.0 = RelWithDebInfo|x64
		{5BE99453-D82D-3B47-B02D-57F1F4662890}.Debug|x64.ActiveCfg = Debug|x64
		{5BE99453-D82D-3B47-B02D-57F1F4662890}.Debug|x64.Build.0 = Debug|x64
		{5BE99453-D82D-3B47-B02D-57F1F4662890}.Release|x64.ActiveCfg = Release|x64
		{5BE99453-D82D-3B47-B02D-57F1F4662890}.Release|x64.Build.0 = Release|x64
		{5BE99453-D82D-3B47-B02D-57F1F4662890}.MinSizeRel|x64.ActiveCfg = MinSizeRel|x64
		{5BE99453-D82D-3B47-B02D-57F1F4662890}.MinSizeRel|x64.Build.0 = MinSizeRel|x64
		{5BE99453-D82D-3B47-B02D-57F1F4662890}.RelWithDebInfo|x64.ActiveCfg = RelWithDebInfo|x64
		{5BE99453-D82D-3B47-B02D-57F1F4662890}.RelWithDebInfo|x64.Build.0 = RelWithDebInfo|x64
		{A8EEB37A-D1C3-33E8-9BD8-DABDC46AD3BA}.Debug|x64.ActiveCfg = Debug|x64
		{A8EEB37A-D1C3-33E8-9BD8-DABDC46AD3BA}.Debug|x64.Build.0 = Debug|x64
		{A8EEB37A-D1C3-33E8-9BD8-DABDC46AD3BA}.Release|x64.ActiveCfg = Release|x64
		{A8EEB37A-D1C3-33E8-9BD8-DABDC46AD3BA}.Release|x64.Build.0 = Release|x64
		{A8EEB37A-D1C3-33E8-9BD8-DABDC46AD3BA}.MinSizeRel|x64.ActiveCfg = MinSizeRel|x64
		{A8EEB37A-D1C3-33E8-9BD8-DABDC46AD3BA}.MinSizeRel|x64.Build.0 = MinSizeRel|x64
		{A8EEB37A-D1C3-33E8-9BD8-DABDC46AD3BA}.RelWithDebInfo|x64.ActiveCfg = RelWithDebInfo|x64
		{A8EEB37A-D1C3-33E8-9BD8-DABDC46AD3BA}.RelWithDebInfo|x64.Build.0 = RelWithDebInfo|x64
		{BFF86536-7177-3834-88D5-63228DCE8F2D}.Debug|x64.ActiveCfg = Debug|x64
		{BFF86536-7177-3834-88D5-63228DCE8F2D}.Debug|x64.Build.0 = Debug|x64
		{BFF86536-7177-3834-88D5-63228DCE8F2D}.Release|x64.ActiveCfg = Release|x64
		{BFF86536-7177-3834-88D5-63228DCE8F2D}.Release|x64.Build.0 = Release|x64
		{BFF86536-7177-3834-88D5-63228DCE8F2D}.MinSizeRel|x64.ActiveCfg = MinSizeRel|x64
		{BFF86536-7177-3834-88D5-63228DCE8F2D}.MinSizeRel|x64.Build.0 = MinSizeRel|x64
		{BFF86536-7177-3834-88D5-63228DCE8F2D}.RelWithDebInfo|x64.ActiveCfg = RelWithDebInfo|x64
		{BFF86536-7177-3834-88D5-63228DCE8F2D}.RelWithDebInfo|x64.Build.0 = RelWithDebInfo|x64
		{95234E79-AFE4-3FB5-A785-4E0F37FF107F}.Debug|x64.ActiveCfg = Debug|x64
		{95234E79-AFE4-3FB5-A785-4E0F37FF107F}.Debug|x64.Build.0 = Debug|x64
		{95234E79-AFE4-3FB5-A785-4E0F37FF107F}.Release|x64.ActiveCfg = Release|x64
		{95234E79-AFE4-3FB5-A785-4E0F37FF107F}.Release|x64.Build.0 = Release|x64
		{95234E79-AFE4-3FB5-A785-4E0F37FF107F}.MinSizeRel|x64.ActiveCfg = MinSizeRel|x64
		{95234E79-AFE4-3FB5-A785-4E0F37FF107F}.MinSizeRel|x64.Build.0 = MinSizeRel|x64
		{95234E79-AFE4-3FB5-A785-4E0F37FF107F}.RelWithDebInfo|x64.ActiveCfg = RelWithDebInfo|x64
		{95234E79-AFE4-3FB5-A785-4E0F37FF107F}.RelWithDebInfo|x64.Build.0 = RelWithDebInfo|x64
		{BDCDC859-1896-3F15-9174-4B7A3B8E9654}.Debug|x64.ActiveCfg = Debug|x64
		{BDCDC859-1896-3F15-9174-4B7A3B8E9654}.Debug|x64.Build.0 = Debug|x64
		{BDCDC859-1896-3F15-9174-4B7A3B8E9654}.Release|x64.ActiveCfg = Release|x64
		{BDCDC859-1896-3F15-9174-4B7A3B8E9654}.Release|x64.Build.0 = Release|x64
		{BDCDC859-1896-3F15-9174-4B7A3B8E9654}.MinSizeRel|x64.ActiveCfg = MinSizeRel|x64
		{BDCDC859-1896-3F15-9174-4B7A3B8E9654}.MinSizeRel|x64.Build.0 = MinSizeRel|x64
		{BDCDC859-1896-3F15-9174-4B7A3B8E9654}.RelWithDebInfo|x64.ActiveCfg = RelWithDebInfo|x64
		{BDCDC859-1896-3F15-9174-4B7A3B8E9654}.RelWithDebInfo|x64.Build.0 = RelWithDebInfo|x64
		{18F562FA-D895-34BD-929F-53DB415AA144}.Debug|x64.ActiveCfg = Debug|x64
		{18F562FA-D895-34BD-929F-53DB415AA144}.Debug|x64.Build.0 = Debug|x64
		{18F562FA-D895-34BD-929F-53DB415AA144}.Release|x64.ActiveCfg = Release|x64
		{18F562FA-D895-34BD-929F-53DB415AA144}.Release|x64.Build.0 = Release|x64
		{18F562FA-D895-34BD-929F-53DB415AA144}.MinSizeRel|x64.ActiveCfg = MinSizeRel|x64
		{18F562FA-D895-34BD-929F-53DB415AA144}.MinSizeRel|x64.Build.0 = MinSizeRel|x64
		{18F562FA-D895-34BD-929F-53DB415AA144}.RelWithDebInfo|x64.ActiveCfg = RelWithDebInfo|x64
		{18F562FA-D895-34BD-929F-53DB415AA144}.RelWithDebInfo|x64.Build.0 = RelWithDebInfo|x64
		{C9DA4A48-C050-336D-9CFF-0941D93439F6}.Debug|x64.ActiveCfg = Debug|x64
		{C9DA4A48-C050-336D-9CFF-0941D93439F6}.Debug|x64.Build.0 = Debug|x64
		{C9DA4A48-C050-336D-9CFF-0941D93439F6}.Release|x64.ActiveCfg = Release|x64
		{C9DA4A48-C050-336D-9CFF-0941D93439F6}.Release|x64.Build.0 = Release|x64
		{C9DA4A48-C050-336D-9CFF-0941D93439F6}.MinSizeRel|x64.ActiveCfg = MinSizeRel|x64
		{C9DA4A48-C050-336D-9CFF-0941D93439F6}.MinSizeRel|x64.Build.0 = MinSizeRel|x64
		{C9DA4A48-C050-336D-9CFF-0941D93439F6}.RelWithDebInfo|x64.ActiveCfg = RelWithDebInfo|x64
		{C9DA4A48-C050-336D-9CFF-0941D93439F6}.RelWithDebInfo|x64.Build.0 = RelWithDebInfo|x64
		{790AEB05-6461-357C-A3BB-A34538DE3A47}.Debug|x64.ActiveCfg = Debug|x64
		{790AEB05-6461-357C-A3BB-A34538DE3A47}.Debug|x64.Build.0 = Debug|x64
		{790AEB05-6461-357C-A3BB-A34538DE3A47}.Release|x64.ActiveCfg = Release|x64
		{790AEB05-6461-357C-A3BB-A34538DE3A47}.Release|x64.Build.0 = Release|x64
		{790AEB05-6461-357C-A3BB-A34538DE3A47}.MinSizeRel|x64.ActiveCfg = MinSizeRel|x64
		{790AEB05-6461-357C-A3BB-A34538DE3A47}.MinSizeRel|x64.Build.0 = MinSizeRel|x64
		{790AEB05-6461-357C-A3BB-A34538DE3A47}.RelWithDebInfo|x64.ActiveCfg = RelWithDebInfo|x64
		{790AEB05-6461-357C-A3BB-A34538DE3A47}.RelWithDebInfo|x64.Build.0 = RelWithDebInfo|x64
		{5A0F59FA-46CE-3787-B272-28BAAE74FCBD}.Debug|x64.ActiveCfg = Debug|x64
		{5A0F59FA-46CE-3787-B272-28BAAE74FCBD}.Debug|x64.Build.0 = Debug|x64
		{5A0F59FA-46CE-3787-B272-28BAAE74FCBD}.Release|x64.ActiveCfg = Release|x64
		{5A0F59FA-46CE-3787-B272-28BAAE74FCBD}.Release|x64.Build.0 = Release|x64
		{5A0F59FA-46CE-3787-B272-28BAAE74FCBD}.MinSizeRel|x64.ActiveCfg = MinSizeRel|x64
		{5A0F59FA-46CE-3787-B272-28BAAE74FCBD}.MinSizeRel|x64.Build.0 = MinSizeRel|x64
		{5A0F59FA-46CE-3787-B272-28BAAE74FCBD}.RelWithDebInfo|x64.ActiveCfg = RelWithDebInfo|x64
		{5A0F59FA-46CE-3787-B272-28BAAE74FCBD}.RelWithDebInfo|x64.Build.0 = RelWithDebInfo|x64
		{543B1471-6A81-383A-A35B-FEF7F933DA89}.Debug|x64.ActiveCfg = Debug|x64
		{543B1471-6A81-383A-A35B-FEF7F933DA89}.Debug|x64.Build.0 = Debug|x64
		{543B1471-6A81-383A-A35B-FEF7F933DA89}.Release|x64.ActiveCfg = Release|x64
		{543B1471-6A81-383A-A35B-FEF7F933DA89}.Release|x64.Build.0 = Release|x64
		{543B1471-6A81-383A-A35B-FEF7F933DA89}.MinSizeRel|x64.ActiveCfg = MinSizeRel|x64
		{543B1471-6A81-383A-A35B-FEF7F933DA89}.MinSizeRel|x64.Build.0 = MinSizeRel|x64
		{543B1471-6A81-383A-A35B-FEF7F933DA89}.RelWithDebInfo|x64.ActiveCfg = RelWithDebInfo|x64
		{543B1471-6A81-383A-A35B-FEF7F933DA89}.RelWithDebInfo|x64.Build.0 = RelWithDebInfo|x64
	EndGlobalSection
	GlobalSection(ExtensibilityGlobals) = postSolution
		SolutionGuid = {13331BB9-177C-3803-A8CC-A54290029C90}
	EndGlobalSection
	GlobalSection(ExtensibilityAddIns) = postSolution
	EndGlobalSection
EndGlobal
