
Microsoft Visual Studio Solution File, Format Version 12.00
# Visual Studio Version 16
Project("{8BC9CEB8-8B4A-11D0-8D11-00A0C91BC942}") = "ALL_BUILD", "ALL_BUILD.vcxproj", "{28F4CFD8-92B3-3E10-954C-45F7C9B7AFC5}"
	ProjectSection(ProjectDependencies) = postProject
		{AAD07D42-7BEF-364E-A642-1182DDF22A69} = {AAD07D42-7BEF-364E-A642-1182DDF22A69}
		{72C9BFC4-1A4C-3181-8465-B7B95D03F554} = {72C9BFC4-1A4C-3181-8465-B7B95D03F554}
		{AA392C1F-C1AB-3D98-A65A-E4DB52958CCF} = {AA392C1F-C1AB-3D98-A65A-E4DB52958CCF}
		{44E04CC0-D886-3701-BDA7-50AB4AAF7C2D} = {44E04CC0-D886-3701-BDA7-50AB4AAF7C2D}
		{2BD015E4-C930-3F34-9F8D-938FDEB37A73} = {2BD015E4-C930-3F34-9F8D-938FDEB37A73}
		{9B57E1D4-A928-3AD9-9107-363F8CB5FA03} = {9B57E1D4-A928-3AD9-9107-363F8CB5FA03}
		{8EE2FAB8-7217-329C-B3BC-DB38B8F1EDE8} = {8EE2FAB8-7217-329C-B3BC-DB38B8F1EDE8}
		{12D5BAA1-279B-3EAF-9E23-883B0CABF1AE} = {12D5BAA1-279B-3EAF-9E23-883B0CABF1AE}
		{5FDADEF7-AF7E-3554-99F9-3A476823C89C} = {5FDADEF7-AF7E-3554-99F9-3A476823C89C}
		{B8256D1B-3934-3746-8281-ED00271909FF} = {B8256D1B-3934-3746-8281-ED00271909FF}
		{141C367F-0A4A-32EF-A6CD-DD0B680CC756} = {141C367F-0A4A-32EF-A6CD-DD0B680CC756}
		{1DD3FD03-55A5-3B6E-95FC-194B4FCE2C60} = {1DD3FD03-55A5-3B6E-95FC-194B4FCE2C60}
		{6850B54E-E067-3D29-B348-093723050DC7} = {6850B54E-E067-3D29-B348-093723050DC7}
	EndProjectSection
EndProject
Project("{8BC9CEB8-8B4A-11D0-8D11-00A0C91BC942}") = "ZERO_CHECK", "..\\ZERO_CHECK.vcxproj", "{AAD07D42-7BEF-364E-A642-1182DDF22A69}"
	ProjectSection(ProjectDependencies) = postProject
	EndProjectSection
EndProject
Project("{8BC9CEB8-8B4A-11D0-8D11-00A0C91BC942}") = "blas_cpu", "blas_cpu.vcxproj", "{72C9BFC4-1A4C-3181-8465-B7B95D03F554}"
	ProjectSection(ProjectDependencies) = postProject
		{AAD07D42-7BEF-364E-A642-1182DDF22A69} = {AAD07D42-7BEF-364E-A642-1182DDF22A69}
	EndProjectSection
EndProject
Project("{8BC9CEB8-8B4A-11D0-8D11-00A0C91BC942}") = "blas_cuda", "blas_cuda.vcxproj", "{AA392C1F-C1AB-3D98-A65A-E4DB52958CCF}"
	ProjectSection(ProjectDependencies) = postProject
		{AAD07D42-7BEF-364E-A642-1182DDF22A69} = {AAD07D42-7BEF-364E-A642-1182DDF22A69}
	EndProjectSection
EndProject
Project("{8BC9CEB8-8B4A-11D0-8D11-00A0C91BC942}") = "blas_opencl", "blas_opencl.vcxproj", "{44E04CC0-D886-3701-BDA7-50AB4AAF7C2D}"
	ProjectSection(ProjectDependencies) = postProject
		{AAD07D42-7BEF-364E-A642-1182DDF22A69} = {AAD07D42-7BEF-364E-A642-1182DDF22A69}
	EndProjectSection
EndProject
Project("{8BC9CEB8-8B4A-11D0-8D11-00A0C91BC942}") = "cg_cpu", "cg_cpu.vcxproj", "{2BD015E4-C930-3F34-9F8D-938FDEB37A73}"
	ProjectSection(ProjectDependencies) = postProject
		{AAD07D42-7BEF-364E-A642-1182DDF22A69} = {AAD07D42-7BEF-364E-A642-1182DDF22A69}
	EndProjectSection
EndProject
Project("{8BC9CEB8-8B4A-11D0-8D11-00A0C91BC942}") = "cg_cuda", "cg_cuda.vcxproj", "{9B57E1D4-A928-3AD9-9107-363F8CB5FA03}"
	ProjectSection(ProjectDependencies) = postProject
		{AAD07D42-7BEF-364E-A642-1182DDF22A69} = {AAD07D42-7BEF-364E-A642-1182DDF22A69}
	EndProjectSection
EndProject
Project("{8BC9CEB8-8B4A-11D0-8D11-00A0C91BC942}") = "cg_opencl", "cg_opencl.vcxproj", "{8EE2FAB8-7217-329C-B3BC-DB38B8F1EDE8}"
	ProjectSection(ProjectDependencies) = postProject
		{AAD07D42-7BEF-364E-A642-1182DDF22A69} = {AAD07D42-7BEF-364E-A642-1182DDF22A69}
	EndProjectSection
EndProject
Project("{8BC9CEB8-8B4A-11D0-8D11-00A0C91BC942}") = "fft_cpu", "fft_cpu.vcxproj", "{12D5BAA1-279B-3EAF-9E23-883B0CABF1AE}"
	ProjectSection(ProjectDependencies) = postProject
		{AAD07D42-7BEF-364E-A642-1182DDF22A69} = {AAD07D42-7BEF-364E-A642-1182DDF22A69}
	EndProjectSection
EndProject
Project("{8BC9CEB8-8B4A-11D0-8D11-00A0C91BC942}") = "fft_cuda", "fft_cuda.vcxproj", "{5FDADEF7-AF7E-3554-99F9-3A476823C89C}"
	ProjectSection(ProjectDependencies) = postProject
		{AAD07D42-7BEF-364E-A642-1182DDF22A69} = {AAD07D42-7BEF-364E-A642-1182DDF22A69}
	EndProjectSection
EndProject
Project("{8BC9CEB8-8B4A-11D0-8D11-00A0C91BC942}") = "fft_opencl", "fft_opencl.vcxproj", "{B8256D1B-3934-3746-8281-ED00271909FF}"
	ProjectSection(ProjectDependencies) = postProject
		{AAD07D42-7BEF-364E-A642-1182DDF22A69} = {AAD07D42-7BEF-364E-A642-1182DDF22A69}
	EndProjectSection
EndProject
Project("{8BC9CEB8-8B4A-11D0-8D11-00A0C91BC942}") = "pi_cpu", "pi_cpu.vcxproj", "{141C367F-0A4A-32EF-A6CD-DD0B680CC756}"
	ProjectSection(ProjectDependencies) = postProject
		{AAD07D42-7BEF-364E-A642-1182DDF22A69} = {AAD07D42-7BEF-364E-A642-1182DDF22A69}
	EndProjectSection
EndProject
Project("{8BC9CEB8-8B4A-11D0-8D11-00A0C91BC942}") = "pi_cuda", "pi_cuda.vcxproj", "{1DD3FD03-55A5-3B6E-95FC-194B4FCE2C60}"
	ProjectSection(ProjectDependencies) = postProject
		{AAD07D42-7BEF-364E-A642-1182DDF22A69} = {AAD07D42-7BEF-364E-A642-1182DDF22A69}
	EndProjectSection
EndProject
Project("{8BC9CEB8-8B4A-11D0-8D11-00A0C91BC942}") = "pi_opencl", "pi_opencl.vcxproj", "{6850B54E-E067-3D29-B348-093723050DC7}"
	ProjectSection(ProjectDependencies) = postProject
		{AAD07D42-7BEF-364E-A642-1182DDF22A69} = {AAD07D42-7BEF-364E-A642-1182DDF22A69}
	EndProjectSection
EndProject
Global
	GlobalSection(SolutionConfigurationPlatforms) = preSolution
		Debug|x64 = Debug|x64
		Release|x64 = Release|x64
		MinSizeRel|x64 = MinSizeRel|x64
		RelWithDebInfo|x64 = RelWithDebInfo|x64
	EndGlobalSection
	GlobalSection(ProjectConfigurationPlatforms) = postSolution
		{28F4CFD8-92B3-3E10-954C-45F7C9B7AFC5}.Debug|x64.ActiveCfg = Debug|x64
		{28F4CFD8-92B3-3E10-954C-45F7C9B7AFC5}.Release|x64.ActiveCfg = Release|x64
		{28F4CFD8-92B3-3E10-954C-45F7C9B7AFC5}.MinSizeRel|x64.ActiveCfg = MinSizeRel|x64
		{28F4CFD8-92B3-3E10-954C-45F7C9B7AFC5}.RelWithDebInfo|x64.ActiveCfg = RelWithDebInfo|x64
		{AAD07D42-7BEF-364E-A642-1182DDF22A69}.Debug|x64.ActiveCfg = Debug|x64
		{AAD07D42-7BEF-364E-A642-1182DDF22A69}.Debug|x64.Build.0 = Debug|x64
		{AAD07D42-7BEF-364E-A642-1182DDF22A69}.Release|x64.ActiveCfg = Release|x64
		{AAD07D42-7BEF-364E-A642-1182DDF22A69}.Release|x64.Build.0 = Release|x64
		{AAD07D42-7BEF-364E-A642-1182DDF22A69}.MinSizeRel|x64.ActiveCfg = MinSizeRel|x64
		{AAD07D42-7BEF-364E-A642-1182DDF22A69}.MinSizeRel|x64.Build.0 = MinSizeRel|x64
		{AAD07D42-7BEF-364E-A642-1182DDF22A69}.RelWithDebInfo|x64.ActiveCfg = RelWithDebInfo|x64
		{AAD07D42-7BEF-364E-A642-1182DDF22A69}.RelWithDebInfo|x64.Build.0 = RelWithDebInfo|x64
		{72C9BFC4-1A4C-3181-8465-B7B95D03F554}.Debug|x64.ActiveCfg = Debug|x64
		{72C9BFC4-1A4C-3181-8465-B7B95D03F554}.Debug|x64.Build.0 = Debug|x64
		{72C9BFC4-1A4C-3181-8465-B7B95D03F554}.Release|x64.ActiveCfg = Release|x64
		{72C9BFC4-1A4C-3181-8465-B7B95D03F554}.Release|x64.Build.0 = Release|x64
		{72C9BFC4-1A4C-3181-8465-B7B95D03F554}.MinSizeRel|x64.ActiveCfg = MinSizeRel|x64
		{72C9BFC4-1A4C-3181-8465-B7B95D03F554}.MinSizeRel|x64.Build.0 = MinSizeRel|x64
		{72C9BFC4-1A4C-3181-8465-B7B95D03F554}.RelWithDebInfo|x64.ActiveCfg = RelWithDebInfo|x64
		{72C9BFC4-1A4C-3181-8465-B7B95D03F554}.RelWithDebInfo|x64.Build.0 = RelWithDebInfo|x64
		{AA392C1F-C1AB-3D98-A65A-E4DB52958CCF}.Debug|x64.ActiveCfg = Debug|x64
		{AA392C1F-C1AB-3D98-A65A-E4DB52958CCF}.Debug|x64.Build.0 = Debug|x64
		{AA392C1F-C1AB-3D98-A65A-E4DB52958CCF}.Release|x64.ActiveCfg = Release|x64
		{AA392C1F-C1AB-3D98-A65A-E4DB52958CCF}.Release|x64.Build.0 = Release|x64
		{AA392C1F-C1AB-3D98-A65A-E4DB52958CCF}.MinSizeRel|x64.ActiveCfg = MinSizeRel|x64
		{AA392C1F-C1AB-3D98-A65A-E4DB52958CCF}.MinSizeRel|x64.Build.0 = MinSizeRel|x64
		{AA392C1F-C1AB-3D98-A65A-E4DB52958CCF}.RelWithDebInfo|x64.ActiveCfg = RelWithDebInfo|x64
		{AA392C1F-C1AB-3D98-A65A-E4DB52958CCF}.RelWithDebInfo|x64.Build.0 = RelWithDebInfo|x64
		{44E04CC0-D886-3701-BDA7-50AB4AAF7C2D}.Debug|x64.ActiveCfg = Debug|x64
		{44E04CC0-D886-3701-BDA7-50AB4AAF7C2D}.Debug|x64.Build.0 = Debug|x64
		{44E04CC0-D886-3701-BDA7-50AB4AAF7C2D}.Release|x64.ActiveCfg = Release|x64
		{44E04CC0-D886-3701-BDA7-50AB4AAF7C2D}.Release|x64.Build.0 = Release|x64
		{44E04CC0-D886-3701-BDA7-50AB4AAF7C2D}.MinSizeRel|x64.ActiveCfg = MinSizeRel|x64
		{44E04CC0-D886-3701-BDA7-50AB4AAF7C2D}.MinSizeRel|x64.Build.0 = MinSizeRel|x64
		{44E04CC0-D886-3701-BDA7-50AB4AAF7C2D}.RelWithDebInfo|x64.ActiveCfg = RelWithDebInfo|x64
		{44E04CC0-D886-3701-BDA7-50AB4AAF7C2D}.RelWithDebInfo|x64.Build.0 = RelWithDebInfo|x64
		{2BD015E4-C930-3F34-9F8D-938FDEB37A73}.Debug|x64.ActiveCfg = Debug|x64
		{2BD015E4-C930-3F34-9F8D-938FDEB37A73}.Debug|x64.Build.0 = Debug|x64
		{2BD015E4-C930-3F34-9F8D-938FDEB37A73}.Release|x64.ActiveCfg = Release|x64
		{2BD015E4-C930-3F34-9F8D-938FDEB37A73}.Release|x64.Build.0 = Release|x64
		{2BD015E4-C930-3F34-9F8D-938FDEB37A73}.MinSizeRel|x64.ActiveCfg = MinSizeRel|x64
		{2BD015E4-C930-3F34-9F8D-938FDEB37A73}.MinSizeRel|x64.Build.0 = MinSizeRel|x64
		{2BD015E4-C930-3F34-9F8D-938FDEB37A73}.RelWithDebInfo|x64.ActiveCfg = RelWithDebInfo|x64
		{2BD015E4-C930-3F34-9F8D-938FDEB37A73}.RelWithDebInfo|x64.Build.0 = RelWithDebInfo|x64
		{9B57E1D4-A928-3AD9-9107-363F8CB5FA03}.Debug|x64.ActiveCfg = Debug|x64
		{9B57E1D4-A928-3AD9-9107-363F8CB5FA03}.Debug|x64.Build.0 = Debug|x64
		{9B57E1D4-A928-3AD9-9107-363F8CB5FA03}.Release|x64.ActiveCfg = Release|x64
		{9B57E1D4-A928-3AD9-9107-363F8CB5FA03}.Release|x64.Build.0 = Release|x64
		{9B57E1D4-A928-3AD9-9107-363F8CB5FA03}.MinSizeRel|x64.ActiveCfg = MinSizeRel|x64
		{9B57E1D4-A928-3AD9-9107-363F8CB5FA03}.MinSizeRel|x64.Build.0 = MinSizeRel|x64
		{9B57E1D4-A928-3AD9-9107-363F8CB5FA03}.RelWithDebInfo|x64.ActiveCfg = RelWithDebInfo|x64
		{9B57E1D4-A928-3AD9-9107-363F8CB5FA03}.RelWithDebInfo|x64.Build.0 = RelWithDebInfo|x64
		{8EE2FAB8-7217-329C-B3BC-DB38B8F1EDE8}.Debug|x64.ActiveCfg = Debug|x64
		{8EE2FAB8-7217-329C-B3BC-DB38B8F1EDE8}.Debug|x64.Build.0 = Debug|x64
		{8EE2FAB8-7217-329C-B3BC-DB38B8F1EDE8}.Release|x64.ActiveCfg = Release|x64
		{8EE2FAB8-7217-329C-B3BC-DB38B8F1EDE8}.Release|x64.Build.0 = Release|x64
		{8EE2FAB8-7217-329C-B3BC-DB38B8F1EDE8}.MinSizeRel|x64.ActiveCfg = MinSizeRel|x64
		{8EE2FAB8-7217-329C-B3BC-DB38B8F1EDE8}.MinSizeRel|x64.Build.0 = MinSizeRel|x64
		{8EE2FAB8-7217-329C-B3BC-DB38B8F1EDE8}.RelWithDebInfo|x64.ActiveCfg = RelWithDebInfo|x64
		{8EE2FAB8-7217-329C-B3BC-DB38B8F1EDE8}.RelWithDebInfo|x64.Build.0 = RelWithDebInfo|x64
		{12D5BAA1-279B-3EAF-9E23-883B0CABF1AE}.Debug|x64.ActiveCfg = Debug|x64
		{12D5BAA1-279B-3EAF-9E23-883B0CABF1AE}.Debug|x64.Build.0 = Debug|x64
		{12D5BAA1-279B-3EAF-9E23-883B0CABF1AE}.Release|x64.ActiveCfg = Release|x64
		{12D5BAA1-279B-3EAF-9E23-883B0CABF1AE}.Release|x64.Build.0 = Release|x64
		{12D5BAA1-279B-3EAF-9E23-883B0CABF1AE}.MinSizeRel|x64.ActiveCfg = MinSizeRel|x64
		{12D5BAA1-279B-3EAF-9E23-883B0CABF1AE}.MinSizeRel|x64.Build.0 = MinSizeRel|x64
		{12D5BAA1-279B-3EAF-9E23-883B0CABF1AE}.RelWithDebInfo|x64.ActiveCfg = RelWithDebInfo|x64
		{12D5BAA1-279B-3EAF-9E23-883B0CABF1AE}.RelWithDebInfo|x64.Build.0 = RelWithDebInfo|x64
		{5FDADEF7-AF7E-3554-99F9-3A476823C89C}.Debug|x64.ActiveCfg = Debug|x64
		{5FDADEF7-AF7E-3554-99F9-3A476823C89C}.Debug|x64.Build.0 = Debug|x64
		{5FDADEF7-AF7E-3554-99F9-3A476823C89C}.Release|x64.ActiveCfg = Release|x64
		{5FDADEF7-AF7E-3554-99F9-3A476823C89C}.Release|x64.Build.0 = Release|x64
		{5FDADEF7-AF7E-3554-99F9-3A476823C89C}.MinSizeRel|x64.ActiveCfg = MinSizeRel|x64
		{5FDADEF7-AF7E-3554-99F9-3A476823C89C}.MinSizeRel|x64.Build.0 = MinSizeRel|x64
		{5FDADEF7-AF7E-3554-99F9-3A476823C89C}.RelWithDebInfo|x64.ActiveCfg = RelWithDebInfo|x64
		{5FDADEF7-AF7E-3554-99F9-3A476823C89C}.RelWithDebInfo|x64.Build.0 = RelWithDebInfo|x64
		{B8256D1B-3934-3746-8281-ED00271909FF}.Debug|x64.ActiveCfg = Debug|x64
		{B8256D1B-3934-3746-8281-ED00271909FF}.Debug|x64.Build.0 = Debug|x64
		{B8256D1B-3934-3746-8281-ED00271909FF}.Release|x64.ActiveCfg = Release|x64
		{B8256D1B-3934-3746-8281-ED00271909FF}.Release|x64.Build.0 = Release|x64
		{B8256D1B-3934-3746-8281-ED00271909FF}.MinSizeRel|x64.ActiveCfg = MinSizeRel|x64
		{B8256D1B-3934-3746-8281-ED00271909FF}.MinSizeRel|x64.Build.0 = MinSizeRel|x64
		{B8256D1B-3934-3746-8281-ED00271909FF}.RelWithDebInfo|x64.ActiveCfg = RelWithDebInfo|x64
		{B8256D1B-3934-3746-8281-ED00271909FF}.RelWithDebInfo|x64.Build.0 = RelWithDebInfo|x64
		{141C367F-0A4A-32EF-A6CD-DD0B680CC756}.Debug|x64.ActiveCfg = Debug|x64
		{141C367F-0A4A-32EF-A6CD-DD0B680CC756}.Debug|x64.Build.0 = Debug|x64
		{141C367F-0A4A-32EF-A6CD-DD0B680CC756}.Release|x64.ActiveCfg = Release|x64
		{141C367F-0A4A-32EF-A6CD-DD0B680CC756}.Release|x64.Build.0 = Release|x64
		{141C367F-0A4A-32EF-A6CD-DD0B680CC756}.MinSizeRel|x64.ActiveCfg = MinSizeRel|x64
		{141C367F-0A4A-32EF-A6CD-DD0B680CC756}.MinSizeRel|x64.Build.0 = MinSizeRel|x64
		{141C367F-0A4A-32EF-A6CD-DD0B680CC756}.RelWithDebInfo|x64.ActiveCfg = RelWithDebInfo|x64
		{141C367F-0A4A-32EF-A6CD-DD0B680CC756}.RelWithDebInfo|x64.Build.0 = RelWithDebInfo|x64
		{1DD3FD03-55A5-3B6E-95FC-194B4FCE2C60}.Debug|x64.ActiveCfg = Debug|x64
		{1DD3FD03-55A5-3B6E-95FC-194B4FCE2C60}.Debug|x64.Build.0 = Debug|x64
		{1DD3FD03-55A5-3B6E-95FC-194B4FCE2C60}.Release|x64.ActiveCfg = Release|x64
		{1DD3FD03-55A5-3B6E-95FC-194B4FCE2C60}.Release|x64.Build.0 = Release|x64
		{1DD3FD03-55A5-3B6E-95FC-194B4FCE2C60}.MinSizeRel|x64.ActiveCfg = MinSizeRel|x64
		{1DD3FD03-55A5-3B6E-95FC-194B4FCE2C60}.MinSizeRel|x64.Build.0 = MinSizeRel|x64
		{1DD3FD03-55A5-3B6E-95FC-194B4FCE2C60}.RelWithDebInfo|x64.ActiveCfg = RelWithDebInfo|x64
		{1DD3FD03-55A5-3B6E-95FC-194B4FCE2C60}.RelWithDebInfo|x64.Build.0 = RelWithDebInfo|x64
		{6850B54E-E067-3D29-B348-093723050DC7}.Debug|x64.ActiveCfg = Debug|x64
		{6850B54E-E067-3D29-B348-093723050DC7}.Debug|x64.Build.0 = Debug|x64
		{6850B54E-E067-3D29-B348-093723050DC7}.Release|x64.ActiveCfg = Release|x64
		{6850B54E-E067-3D29-B348-093723050DC7}.Release|x64.Build.0 = Release|x64
		{6850B54E-E067-3D29-B348-093723050DC7}.MinSizeRel|x64.ActiveCfg = MinSizeRel|x64
		{6850B54E-E067-3D29-B348-093723050DC7}.MinSizeRel|x64.Build.0 = MinSizeRel|x64
		{6850B54E-E067-3D29-B348-093723050DC7}.RelWithDebInfo|x64.ActiveCfg = RelWithDebInfo|x64
		{6850B54E-E067-3D29-B348-093723050DC7}.RelWithDebInfo|x64.Build.0 = RelWithDebInfo|x64
	EndGlobalSection
	GlobalSection(ExtensibilityGlobals) = postSolution
		SolutionGuid = {EBA8E1CD-1DEF-3CDB-9A97-E3A47A46436F}
	EndGlobalSection
	GlobalSection(ExtensibilityAddIns) = postSolution
	EndGlobalSection
EndGlobal
